// !$*UTF8*$!
{
	archiveVersion = 1;
	classes = {
	};
	objectVersion = 51;
	objects = {

/* Begin PBXBuildFile section */
		16C6B589F9E12F87CFB7CA5E /* Pods_All_Frameworks_JobQueue_iOS.framework in Frameworks */ = {isa = PBXBuildFile; fileRef = 996CE280A2CEA4D81D8FCCA6 /* Pods_All_Frameworks_JobQueue_iOS.framework */; };
		2099DE9EDAC3AFD90B7B3380 /* Pods_All_Tests_JobQueue_tests_iOS.framework in Frameworks */ = {isa = PBXBuildFile; fileRef = 1E3643A028E6E1C1DDFE7EC6 /* Pods_All_Tests_JobQueue_tests_iOS.framework */; };
		577AE30132907B64BDF3C1C3 /* Pods_All_Frameworks_JobQueueInMemoryStorage_iOS.framework in Frameworks */ = {isa = PBXBuildFile; fileRef = 782D7D72CA30CAFF65E54483 /* Pods_All_Frameworks_JobQueueInMemoryStorage_iOS.framework */; };
		64C73E6A4A9037D532188C47 /* Pods_All_Frameworks_JobQueue_watchOS.framework in Frameworks */ = {isa = PBXBuildFile; fileRef = 299FEBD0140565ADC2D17D5F /* Pods_All_Frameworks_JobQueue_watchOS.framework */; };
		9543B072E6BCB33A3BE83AD1 /* Pods_All_Tests_JobQueue_tests_macOS.framework in Frameworks */ = {isa = PBXBuildFile; fileRef = 327911DD81E0D482E20A043B /* Pods_All_Tests_JobQueue_tests_macOS.framework */; };
		B92703C823DA2E7E00558FFE /* JobQueue.framework in Frameworks */ = {isa = PBXBuildFile; fileRef = B92703BE23DA2E7E00558FFE /* JobQueue.framework */; };
		B92703EF23DA302E00558FFE /* JobCancellation.swift in Sources */ = {isa = PBXBuildFile; fileRef = B92703DD23DA302E00558FFE /* JobCancellation.swift */; };
		B92703F023DA302E00558FFE /* JobStorage.swift in Sources */ = {isa = PBXBuildFile; fileRef = B92703DE23DA302E00558FFE /* JobStorage.swift */; };
		B92703F123DA302E00558FFE /* JobSchedule.swift in Sources */ = {isa = PBXBuildFile; fileRef = B92703DF23DA302E00558FFE /* JobSchedule.swift */; };
		B92703F223DA302E00558FFE /* JobQueue.swift in Sources */ = {isa = PBXBuildFile; fileRef = B92703E023DA302E00558FFE /* JobQueue.swift */; };
		B92703F323DA302E00558FFE /* JobQueueSchedulers.swift in Sources */ = {isa = PBXBuildFile; fileRef = B92703E123DA302E00558FFE /* JobQueueSchedulers.swift */; };
		B92703F423DA302E00558FFE /* Logger.swift in Sources */ = {isa = PBXBuildFile; fileRef = B92703E223DA302E00558FFE /* Logger.swift */; };
		B92703F523DA302E00558FFE /* JobStatus.swift in Sources */ = {isa = PBXBuildFile; fileRef = B92703E323DA302E00558FFE /* JobStatus.swift */; };
		B92703F623DA302E00558FFE /* Common.swift in Sources */ = {isa = PBXBuildFile; fileRef = B92703E423DA302E00558FFE /* Common.swift */; };
		B92703F723DA302E00558FFE /* Sequence+Extensions.swift in Sources */ = {isa = PBXBuildFile; fileRef = B92703E523DA302E00558FFE /* Sequence+Extensions.swift */; };
		B92703F823DA302E00558FFE /* JobType.swift in Sources */ = {isa = PBXBuildFile; fileRef = B92703E623DA302E00558FFE /* JobType.swift */; };
		B92703F923DA302E00558FFE /* JobQueueDelayStrategy.swift in Sources */ = {isa = PBXBuildFile; fileRef = B92703E723DA302E00558FFE /* JobQueueDelayStrategy.swift */; };
		B92703FA23DA302E00558FFE /* JobProcessor.swift in Sources */ = {isa = PBXBuildFile; fileRef = B92703E823DA302E00558FFE /* JobProcessor.swift */; };
		B92703FB23DA302E00558FFE /* JobQueueProcessors.swift in Sources */ = {isa = PBXBuildFile; fileRef = B92703E923DA302E00558FFE /* JobQueueProcessors.swift */; };
		B92703FC23DA302E00558FFE /* Dictionary+Extensions.swift in Sources */ = {isa = PBXBuildFile; fileRef = B92703EA23DA302E00558FFE /* Dictionary+Extensions.swift */; };
		B92703FD23DA302E00558FFE /* Date+Extensions.swift in Sources */ = {isa = PBXBuildFile; fileRef = B92703EB23DA302E00558FFE /* Date+Extensions.swift */; };
		B92703FE23DA302E00558FFE /* JobSorter.swift in Sources */ = {isa = PBXBuildFile; fileRef = B92703EC23DA302E00558FFE /* JobSorter.swift */; };
		B92703FF23DA302E00558FFE /* Job.swift in Sources */ = {isa = PBXBuildFile; fileRef = B92703ED23DA302E00558FFE /* Job.swift */; };
		B927040423DA307700558FFE /* JobQueue.h in Headers */ = {isa = PBXBuildFile; fileRef = B927040123DA307700558FFE /* JobQueue.h */; settings = {ATTRIBUTES = (Public, ); }; };
		B927041423DA317900558FFE /* JobStorage.swift in Sources */ = {isa = PBXBuildFile; fileRef = B92703DB23DA302E00558FFE /* JobStorage.swift */; };
		B927042423DA33AA00558FFE /* JobSchedule.swift in Sources */ = {isa = PBXBuildFile; fileRef = B927041723DA33AA00558FFE /* JobSchedule.swift */; };
		B927042523DA33AA00558FFE /* JobQueue.swift in Sources */ = {isa = PBXBuildFile; fileRef = B927041823DA33AA00558FFE /* JobQueue.swift */; };
		B927042623DA33AA00558FFE /* JobStatus.swift in Sources */ = {isa = PBXBuildFile; fileRef = B927041923DA33AA00558FFE /* JobStatus.swift */; };
		B927042723DA33AA00558FFE /* DefaultJobProcessor.swift in Sources */ = {isa = PBXBuildFile; fileRef = B927041A23DA33AA00558FFE /* DefaultJobProcessor.swift */; };
		B927042823DA33AA00558FFE /* JobQueueProcessors.swift in Sources */ = {isa = PBXBuildFile; fileRef = B927041B23DA33AA00558FFE /* JobQueueProcessors.swift */; };
		B927042923DA33AA00558FFE /* DefaultJobSorter.swift in Sources */ = {isa = PBXBuildFile; fileRef = B927041C23DA33AA00558FFE /* DefaultJobSorter.swift */; };
		B927042A23DA33AA00558FFE /* TestJob1.swift in Sources */ = {isa = PBXBuildFile; fileRef = B927041E23DA33AA00558FFE /* TestJob1.swift */; };
		B927042B23DA33AA00558FFE /* TestJob2.swift in Sources */ = {isa = PBXBuildFile; fileRef = B927041F23DA33AA00558FFE /* TestJob2.swift */; };
		B927042C23DA33AA00558FFE /* Storage.swift in Sources */ = {isa = PBXBuildFile; fileRef = B927042123DA33AA00558FFE /* Storage.swift */; };
		B927042D23DA33AA00558FFE /* The.swift in Sources */ = {isa = PBXBuildFile; fileRef = B927042223DA33AA00558FFE /* The.swift */; };
		B927042E23DA33AA00558FFE /* Job.swift in Sources */ = {isa = PBXBuildFile; fileRef = B927042323DA33AA00558FFE /* Job.swift */; };
		B927043323DA371300558FFE /* JobQueueInMemoryStorage.framework in Frameworks */ = {isa = PBXBuildFile; fileRef = B927040C23DA313200558FFE /* JobQueueInMemoryStorage.framework */; };
		B927044123DA38BD00558FFE /* Common.swift in Sources */ = {isa = PBXBuildFile; fileRef = B92703E423DA302E00558FFE /* Common.swift */; };
		B927044223DA38BD00558FFE /* Date+Extensions.swift in Sources */ = {isa = PBXBuildFile; fileRef = B92703EB23DA302E00558FFE /* Date+Extensions.swift */; };
		B927044323DA38BD00558FFE /* Dictionary+Extensions.swift in Sources */ = {isa = PBXBuildFile; fileRef = B92703EA23DA302E00558FFE /* Dictionary+Extensions.swift */; };
		B927044423DA38BD00558FFE /* Job.swift in Sources */ = {isa = PBXBuildFile; fileRef = B92703ED23DA302E00558FFE /* Job.swift */; };
		B927044523DA38BD00558FFE /* JobCancellation.swift in Sources */ = {isa = PBXBuildFile; fileRef = B92703DD23DA302E00558FFE /* JobCancellation.swift */; };
		B927044623DA38BD00558FFE /* JobProcessor.swift in Sources */ = {isa = PBXBuildFile; fileRef = B92703E823DA302E00558FFE /* JobProcessor.swift */; };
		B927044723DA38BD00558FFE /* JobQueue.swift in Sources */ = {isa = PBXBuildFile; fileRef = B92703E023DA302E00558FFE /* JobQueue.swift */; };
		B927044823DA38BD00558FFE /* JobQueueDelayStrategy.swift in Sources */ = {isa = PBXBuildFile; fileRef = B92703E723DA302E00558FFE /* JobQueueDelayStrategy.swift */; };
		B927044923DA38BD00558FFE /* JobQueueProcessors.swift in Sources */ = {isa = PBXBuildFile; fileRef = B92703E923DA302E00558FFE /* JobQueueProcessors.swift */; };
		B927044A23DA38BD00558FFE /* JobQueueSchedulers.swift in Sources */ = {isa = PBXBuildFile; fileRef = B92703E123DA302E00558FFE /* JobQueueSchedulers.swift */; };
		B927044B23DA38BD00558FFE /* JobSchedule.swift in Sources */ = {isa = PBXBuildFile; fileRef = B92703DF23DA302E00558FFE /* JobSchedule.swift */; };
		B927044C23DA38BD00558FFE /* JobSorter.swift in Sources */ = {isa = PBXBuildFile; fileRef = B92703EC23DA302E00558FFE /* JobSorter.swift */; };
		B927044D23DA38BD00558FFE /* JobStatus.swift in Sources */ = {isa = PBXBuildFile; fileRef = B92703E323DA302E00558FFE /* JobStatus.swift */; };
		B927044E23DA38BD00558FFE /* JobStorage.swift in Sources */ = {isa = PBXBuildFile; fileRef = B92703DE23DA302E00558FFE /* JobStorage.swift */; };
		B927044F23DA38BD00558FFE /* JobType.swift in Sources */ = {isa = PBXBuildFile; fileRef = B92703E623DA302E00558FFE /* JobType.swift */; };
		B927045023DA38BD00558FFE /* Logger.swift in Sources */ = {isa = PBXBuildFile; fileRef = B92703E223DA302E00558FFE /* Logger.swift */; };
		B927045123DA38BD00558FFE /* Sequence+Extensions.swift in Sources */ = {isa = PBXBuildFile; fileRef = B92703E523DA302E00558FFE /* Sequence+Extensions.swift */; };
		B927047C23DA3AB000558FFE /* JobQueue.framework in Frameworks */ = {isa = PBXBuildFile; fileRef = B927047323DA3AB000558FFE /* JobQueue.framework */; };
		B927048A23DA3AF000558FFE /* Common.swift in Sources */ = {isa = PBXBuildFile; fileRef = B92703E423DA302E00558FFE /* Common.swift */; };
		B927048B23DA3AF000558FFE /* Date+Extensions.swift in Sources */ = {isa = PBXBuildFile; fileRef = B92703EB23DA302E00558FFE /* Date+Extensions.swift */; };
		B927048C23DA3AF000558FFE /* Dictionary+Extensions.swift in Sources */ = {isa = PBXBuildFile; fileRef = B92703EA23DA302E00558FFE /* Dictionary+Extensions.swift */; };
		B927048D23DA3AF000558FFE /* Job.swift in Sources */ = {isa = PBXBuildFile; fileRef = B92703ED23DA302E00558FFE /* Job.swift */; };
		B927048E23DA3AF000558FFE /* JobCancellation.swift in Sources */ = {isa = PBXBuildFile; fileRef = B92703DD23DA302E00558FFE /* JobCancellation.swift */; };
		B927048F23DA3AF000558FFE /* JobProcessor.swift in Sources */ = {isa = PBXBuildFile; fileRef = B92703E823DA302E00558FFE /* JobProcessor.swift */; };
		B927049023DA3AF000558FFE /* JobQueue.swift in Sources */ = {isa = PBXBuildFile; fileRef = B92703E023DA302E00558FFE /* JobQueue.swift */; };
		B927049123DA3AF000558FFE /* JobQueueDelayStrategy.swift in Sources */ = {isa = PBXBuildFile; fileRef = B92703E723DA302E00558FFE /* JobQueueDelayStrategy.swift */; };
		B927049223DA3AF000558FFE /* JobQueueProcessors.swift in Sources */ = {isa = PBXBuildFile; fileRef = B92703E923DA302E00558FFE /* JobQueueProcessors.swift */; };
		B927049323DA3AF000558FFE /* JobQueueSchedulers.swift in Sources */ = {isa = PBXBuildFile; fileRef = B92703E123DA302E00558FFE /* JobQueueSchedulers.swift */; };
		B927049423DA3AF000558FFE /* JobSchedule.swift in Sources */ = {isa = PBXBuildFile; fileRef = B92703DF23DA302E00558FFE /* JobSchedule.swift */; };
		B927049523DA3AF000558FFE /* JobSorter.swift in Sources */ = {isa = PBXBuildFile; fileRef = B92703EC23DA302E00558FFE /* JobSorter.swift */; };
		B927049623DA3AF000558FFE /* JobStatus.swift in Sources */ = {isa = PBXBuildFile; fileRef = B92703E323DA302E00558FFE /* JobStatus.swift */; };
		B927049723DA3AF000558FFE /* JobStorage.swift in Sources */ = {isa = PBXBuildFile; fileRef = B92703DE23DA302E00558FFE /* JobStorage.swift */; };
		B927049823DA3AF000558FFE /* JobType.swift in Sources */ = {isa = PBXBuildFile; fileRef = B92703E623DA302E00558FFE /* JobType.swift */; };
		B927049923DA3AF000558FFE /* Logger.swift in Sources */ = {isa = PBXBuildFile; fileRef = B92703E223DA302E00558FFE /* Logger.swift */; };
		B927049A23DA3AF000558FFE /* Sequence+Extensions.swift in Sources */ = {isa = PBXBuildFile; fileRef = B92703E523DA302E00558FFE /* Sequence+Extensions.swift */; };
		B92704A823DA3BF900558FFE /* JobStorage.swift in Sources */ = {isa = PBXBuildFile; fileRef = B92703DB23DA302E00558FFE /* JobStorage.swift */; };
		B92704A923DA3BF900558FFE /* JobStorage.swift in Sources */ = {isa = PBXBuildFile; fileRef = B92703DB23DA302E00558FFE /* JobStorage.swift */; };
		B92704AC23DA3C0E00558FFE /* JobQueue.framework in Frameworks */ = {isa = PBXBuildFile; fileRef = B927043923DA386100558FFE /* JobQueue.framework */; };
		B92704AF23DA3C1900558FFE /* JobQueue.framework in Frameworks */ = {isa = PBXBuildFile; fileRef = B927047323DA3AB000558FFE /* JobQueue.framework */; };
		B92704B223DA3C7A00558FFE /* JobQueueInMemoryStorage.framework in Frameworks */ = {isa = PBXBuildFile; fileRef = B92704A023DA3B9C00558FFE /* JobQueueInMemoryStorage.framework */; };
		B92704B323DA3C8E00558FFE /* JobSchedule.swift in Sources */ = {isa = PBXBuildFile; fileRef = B927041723DA33AA00558FFE /* JobSchedule.swift */; };
		B92704B423DA3C8E00558FFE /* JobQueue.swift in Sources */ = {isa = PBXBuildFile; fileRef = B927041823DA33AA00558FFE /* JobQueue.swift */; };
		B92704B523DA3C8E00558FFE /* JobStatus.swift in Sources */ = {isa = PBXBuildFile; fileRef = B927041923DA33AA00558FFE /* JobStatus.swift */; };
		B92704B623DA3C8E00558FFE /* DefaultJobProcessor.swift in Sources */ = {isa = PBXBuildFile; fileRef = B927041A23DA33AA00558FFE /* DefaultJobProcessor.swift */; };
		B92704B723DA3C8E00558FFE /* JobQueueProcessors.swift in Sources */ = {isa = PBXBuildFile; fileRef = B927041B23DA33AA00558FFE /* JobQueueProcessors.swift */; };
		B92704B823DA3C8E00558FFE /* DefaultJobSorter.swift in Sources */ = {isa = PBXBuildFile; fileRef = B927041C23DA33AA00558FFE /* DefaultJobSorter.swift */; };
		B92704B923DA3C9600558FFE /* TestJob1.swift in Sources */ = {isa = PBXBuildFile; fileRef = B927041E23DA33AA00558FFE /* TestJob1.swift */; };
		B92704BA23DA3C9600558FFE /* TestJob2.swift in Sources */ = {isa = PBXBuildFile; fileRef = B927041F23DA33AA00558FFE /* TestJob2.swift */; };
		B92704BB23DA3C9600558FFE /* Storage.swift in Sources */ = {isa = PBXBuildFile; fileRef = B927042123DA33AA00558FFE /* Storage.swift */; };
		B92704BC23DA3C9600558FFE /* The.swift in Sources */ = {isa = PBXBuildFile; fileRef = B927042223DA33AA00558FFE /* The.swift */; };
		B92704BD23DA3C9600558FFE /* Job.swift in Sources */ = {isa = PBXBuildFile; fileRef = B927042323DA33AA00558FFE /* Job.swift */; };
		C9EDB04115BAAFD9B331523D /* Pods_All_Frameworks_JobQueueInMemoryStorage_macOS.framework in Frameworks */ = {isa = PBXBuildFile; fileRef = 17353D1DEFD255DBC1D6450F /* Pods_All_Frameworks_JobQueueInMemoryStorage_macOS.framework */; };
		E497E197436815F111148881 /* Pods_All_Frameworks_JobQueueInMemoryStorage_watchOS.framework in Frameworks */ = {isa = PBXBuildFile; fileRef = A1F9A852E7CC44A03CAA803B /* Pods_All_Frameworks_JobQueueInMemoryStorage_watchOS.framework */; };
		E9817FA93AF1B6EF71759447 /* Pods_All_Frameworks_JobQueue_macOS.framework in Frameworks */ = {isa = PBXBuildFile; fileRef = C885964ED560D015C5A398E2 /* Pods_All_Frameworks_JobQueue_macOS.framework */; };
/* End PBXBuildFile section */

/* Begin PBXContainerItemProxy section */
		B92703C923DA2E7E00558FFE /* PBXContainerItemProxy */ = {
			isa = PBXContainerItemProxy;
			containerPortal = B92703B523DA2E7D00558FFE /* Project object */;
			proxyType = 1;
			remoteGlobalIDString = B92703BD23DA2E7E00558FFE;
			remoteInfo = JobQueue;
		};
		B927043123DA370A00558FFE /* PBXContainerItemProxy */ = {
			isa = PBXContainerItemProxy;
			containerPortal = B92703B523DA2E7D00558FFE /* Project object */;
			proxyType = 1;
			remoteGlobalIDString = B927040B23DA313200558FFE;
			remoteInfo = JobQueueInMemoryStorage.iOS;
		};
		B927047D23DA3AB000558FFE /* PBXContainerItemProxy */ = {
			isa = PBXContainerItemProxy;
			containerPortal = B92703B523DA2E7D00558FFE /* Project object */;
			proxyType = 1;
			remoteGlobalIDString = B927047223DA3AB000558FFE;
			remoteInfo = JobQueuemacOS;
		};
		B92704AA23DA3C0600558FFE /* PBXContainerItemProxy */ = {
			isa = PBXContainerItemProxy;
			containerPortal = B92703B523DA2E7D00558FFE /* Project object */;
			proxyType = 1;
			remoteGlobalIDString = B927043823DA386100558FFE;
			remoteInfo = JobQueue.watchOS;
		};
		B92704AD23DA3C1400558FFE /* PBXContainerItemProxy */ = {
			isa = PBXContainerItemProxy;
			containerPortal = B92703B523DA2E7D00558FFE /* Project object */;
			proxyType = 1;
			remoteGlobalIDString = B927047223DA3AB000558FFE;
			remoteInfo = JobQueue.macOS;
		};
		B92704B023DA3C6C00558FFE /* PBXContainerItemProxy */ = {
			isa = PBXContainerItemProxy;
			containerPortal = B92703B523DA2E7D00558FFE /* Project object */;
			proxyType = 1;
			remoteGlobalIDString = B927049F23DA3B9C00558FFE;
			remoteInfo = JobQueueInMemoryStorage.macOS;
		};
/* End PBXContainerItemProxy section */

/* Begin PBXFileReference section */
		04A5A3BFD5CB23E919FF3D57 /* Pods-All-Frameworks-JobQueue.watchOS.debug.xcconfig */ = {isa = PBXFileReference; includeInIndex = 1; lastKnownFileType = text.xcconfig; name = "Pods-All-Frameworks-JobQueue.watchOS.debug.xcconfig"; path = "Target Support Files/Pods-All-Frameworks-JobQueue.watchOS/Pods-All-Frameworks-JobQueue.watchOS.debug.xcconfig"; sourceTree = "<group>"; };
		17353D1DEFD255DBC1D6450F /* Pods_All_Frameworks_JobQueueInMemoryStorage_macOS.framework */ = {isa = PBXFileReference; explicitFileType = wrapper.framework; includeInIndex = 0; path = Pods_All_Frameworks_JobQueueInMemoryStorage_macOS.framework; sourceTree = BUILT_PRODUCTS_DIR; };
		1E3643A028E6E1C1DDFE7EC6 /* Pods_All_Tests_JobQueue_tests_iOS.framework */ = {isa = PBXFileReference; explicitFileType = wrapper.framework; includeInIndex = 0; path = Pods_All_Tests_JobQueue_tests_iOS.framework; sourceTree = BUILT_PRODUCTS_DIR; };
		299FEBD0140565ADC2D17D5F /* Pods_All_Frameworks_JobQueue_watchOS.framework */ = {isa = PBXFileReference; explicitFileType = wrapper.framework; includeInIndex = 0; path = Pods_All_Frameworks_JobQueue_watchOS.framework; sourceTree = BUILT_PRODUCTS_DIR; };
		327911DD81E0D482E20A043B /* Pods_All_Tests_JobQueue_tests_macOS.framework */ = {isa = PBXFileReference; explicitFileType = wrapper.framework; includeInIndex = 0; path = Pods_All_Tests_JobQueue_tests_macOS.framework; sourceTree = BUILT_PRODUCTS_DIR; };
		3B43E4583A46CD72293BB48C /* Pods-All-Tests-JobQueue.tests.iOS.release.xcconfig */ = {isa = PBXFileReference; includeInIndex = 1; lastKnownFileType = text.xcconfig; name = "Pods-All-Tests-JobQueue.tests.iOS.release.xcconfig"; path = "Target Support Files/Pods-All-Tests-JobQueue.tests.iOS/Pods-All-Tests-JobQueue.tests.iOS.release.xcconfig"; sourceTree = "<group>"; };
		514EE50F2B7B3389836FAC94 /* Pods-All-Tests-JobQueue.tests.macOS.release.xcconfig */ = {isa = PBXFileReference; includeInIndex = 1; lastKnownFileType = text.xcconfig; name = "Pods-All-Tests-JobQueue.tests.macOS.release.xcconfig"; path = "Target Support Files/Pods-All-Tests-JobQueue.tests.macOS/Pods-All-Tests-JobQueue.tests.macOS.release.xcconfig"; sourceTree = "<group>"; };
		782D7D72CA30CAFF65E54483 /* Pods_All_Frameworks_JobQueueInMemoryStorage_iOS.framework */ = {isa = PBXFileReference; explicitFileType = wrapper.framework; includeInIndex = 0; path = Pods_All_Frameworks_JobQueueInMemoryStorage_iOS.framework; sourceTree = BUILT_PRODUCTS_DIR; };
		7C04A858FEB7053CFE584207 /* Pods-All-JobQueue.iOS.release.xcconfig */ = {isa = PBXFileReference; includeInIndex = 1; lastKnownFileType = text.xcconfig; name = "Pods-All-JobQueue.iOS.release.xcconfig"; path = "Target Support Files/Pods-All-JobQueue.iOS/Pods-All-JobQueue.iOS.release.xcconfig"; sourceTree = "<group>"; };
		86BD5FB6DB08E70720F5AE44 /* Pods-All-Frameworks-JobQueueInMemoryStorage.iOS.release.xcconfig */ = {isa = PBXFileReference; includeInIndex = 1; lastKnownFileType = text.xcconfig; name = "Pods-All-Frameworks-JobQueueInMemoryStorage.iOS.release.xcconfig"; path = "Target Support Files/Pods-All-Frameworks-JobQueueInMemoryStorage.iOS/Pods-All-Frameworks-JobQueueInMemoryStorage.iOS.release.xcconfig"; sourceTree = "<group>"; };
		891AAE188865ED5D61678013 /* Pods-All-Tests-JobQueue.tests.iOS.debug.xcconfig */ = {isa = PBXFileReference; includeInIndex = 1; lastKnownFileType = text.xcconfig; name = "Pods-All-Tests-JobQueue.tests.iOS.debug.xcconfig"; path = "Target Support Files/Pods-All-Tests-JobQueue.tests.iOS/Pods-All-Tests-JobQueue.tests.iOS.debug.xcconfig"; sourceTree = "<group>"; };
		915CA15A6AECCB71ECC6AF7F /* Pods-All-Frameworks-JobQueueInMemoryStorage.macOS.release.xcconfig */ = {isa = PBXFileReference; includeInIndex = 1; lastKnownFileType = text.xcconfig; name = "Pods-All-Frameworks-JobQueueInMemoryStorage.macOS.release.xcconfig"; path = "Target Support Files/Pods-All-Frameworks-JobQueueInMemoryStorage.macOS/Pods-All-Frameworks-JobQueueInMemoryStorage.macOS.release.xcconfig"; sourceTree = "<group>"; };
		996CE280A2CEA4D81D8FCCA6 /* Pods_All_Frameworks_JobQueue_iOS.framework */ = {isa = PBXFileReference; explicitFileType = wrapper.framework; includeInIndex = 0; path = Pods_All_Frameworks_JobQueue_iOS.framework; sourceTree = BUILT_PRODUCTS_DIR; };
		A1F9A852E7CC44A03CAA803B /* Pods_All_Frameworks_JobQueueInMemoryStorage_watchOS.framework */ = {isa = PBXFileReference; explicitFileType = wrapper.framework; includeInIndex = 0; path = Pods_All_Frameworks_JobQueueInMemoryStorage_watchOS.framework; sourceTree = BUILT_PRODUCTS_DIR; };
		A7DCF46540C79257BB06092D /* Pods-All-Tests-JobQueue.tests.macOS.debug.xcconfig */ = {isa = PBXFileReference; includeInIndex = 1; lastKnownFileType = text.xcconfig; name = "Pods-All-Tests-JobQueue.tests.macOS.debug.xcconfig"; path = "Target Support Files/Pods-All-Tests-JobQueue.tests.macOS/Pods-All-Tests-JobQueue.tests.macOS.debug.xcconfig"; sourceTree = "<group>"; };
		B8682289ED45D23545CF130A /* Pods-All-Frameworks-JobQueueInMemoryStorage.watchOS.debug.xcconfig */ = {isa = PBXFileReference; includeInIndex = 1; lastKnownFileType = text.xcconfig; name = "Pods-All-Frameworks-JobQueueInMemoryStorage.watchOS.debug.xcconfig"; path = "Target Support Files/Pods-All-Frameworks-JobQueueInMemoryStorage.watchOS/Pods-All-Frameworks-JobQueueInMemoryStorage.watchOS.debug.xcconfig"; sourceTree = "<group>"; };
		B92703BE23DA2E7E00558FFE /* JobQueue.framework */ = {isa = PBXFileReference; explicitFileType = wrapper.framework; includeInIndex = 0; path = JobQueue.framework; sourceTree = BUILT_PRODUCTS_DIR; };
		B92703C723DA2E7E00558FFE /* JobQueueTests.xctest */ = {isa = PBXFileReference; explicitFileType = wrapper.cfbundle; includeInIndex = 0; path = JobQueueTests.xctest; sourceTree = BUILT_PRODUCTS_DIR; };
		B92703DB23DA302E00558FFE /* JobStorage.swift */ = {isa = PBXFileReference; fileEncoding = 4; lastKnownFileType = sourcecode.swift; path = JobStorage.swift; sourceTree = "<group>"; };
		B92703DD23DA302E00558FFE /* JobCancellation.swift */ = {isa = PBXFileReference; fileEncoding = 4; lastKnownFileType = sourcecode.swift; path = JobCancellation.swift; sourceTree = "<group>"; };
		B92703DE23DA302E00558FFE /* JobStorage.swift */ = {isa = PBXFileReference; fileEncoding = 4; lastKnownFileType = sourcecode.swift; path = JobStorage.swift; sourceTree = "<group>"; };
		B92703DF23DA302E00558FFE /* JobSchedule.swift */ = {isa = PBXFileReference; fileEncoding = 4; lastKnownFileType = sourcecode.swift; path = JobSchedule.swift; sourceTree = "<group>"; };
		B92703E023DA302E00558FFE /* JobQueue.swift */ = {isa = PBXFileReference; fileEncoding = 4; lastKnownFileType = sourcecode.swift; path = JobQueue.swift; sourceTree = "<group>"; };
		B92703E123DA302E00558FFE /* JobQueueSchedulers.swift */ = {isa = PBXFileReference; fileEncoding = 4; lastKnownFileType = sourcecode.swift; path = JobQueueSchedulers.swift; sourceTree = "<group>"; };
		B92703E223DA302E00558FFE /* Logger.swift */ = {isa = PBXFileReference; fileEncoding = 4; lastKnownFileType = sourcecode.swift; path = Logger.swift; sourceTree = "<group>"; };
		B92703E323DA302E00558FFE /* JobStatus.swift */ = {isa = PBXFileReference; fileEncoding = 4; lastKnownFileType = sourcecode.swift; path = JobStatus.swift; sourceTree = "<group>"; };
		B92703E423DA302E00558FFE /* Common.swift */ = {isa = PBXFileReference; fileEncoding = 4; lastKnownFileType = sourcecode.swift; path = Common.swift; sourceTree = "<group>"; };
		B92703E523DA302E00558FFE /* Sequence+Extensions.swift */ = {isa = PBXFileReference; fileEncoding = 4; lastKnownFileType = sourcecode.swift; path = "Sequence+Extensions.swift"; sourceTree = "<group>"; };
		B92703E623DA302E00558FFE /* JobType.swift */ = {isa = PBXFileReference; fileEncoding = 4; lastKnownFileType = sourcecode.swift; path = JobType.swift; sourceTree = "<group>"; };
		B92703E723DA302E00558FFE /* JobQueueDelayStrategy.swift */ = {isa = PBXFileReference; fileEncoding = 4; lastKnownFileType = sourcecode.swift; path = JobQueueDelayStrategy.swift; sourceTree = "<group>"; };
		B92703E823DA302E00558FFE /* JobProcessor.swift */ = {isa = PBXFileReference; fileEncoding = 4; lastKnownFileType = sourcecode.swift; path = JobProcessor.swift; sourceTree = "<group>"; };
		B92703E923DA302E00558FFE /* JobQueueProcessors.swift */ = {isa = PBXFileReference; fileEncoding = 4; lastKnownFileType = sourcecode.swift; path = JobQueueProcessors.swift; sourceTree = "<group>"; };
		B92703EA23DA302E00558FFE /* Dictionary+Extensions.swift */ = {isa = PBXFileReference; fileEncoding = 4; lastKnownFileType = sourcecode.swift; path = "Dictionary+Extensions.swift"; sourceTree = "<group>"; };
		B92703EB23DA302E00558FFE /* Date+Extensions.swift */ = {isa = PBXFileReference; fileEncoding = 4; lastKnownFileType = sourcecode.swift; path = "Date+Extensions.swift"; sourceTree = "<group>"; };
		B92703EC23DA302E00558FFE /* JobSorter.swift */ = {isa = PBXFileReference; fileEncoding = 4; lastKnownFileType = sourcecode.swift; path = JobSorter.swift; sourceTree = "<group>"; };
		B92703ED23DA302E00558FFE /* Job.swift */ = {isa = PBXFileReference; fileEncoding = 4; lastKnownFileType = sourcecode.swift; path = Job.swift; sourceTree = "<group>"; };
		B927040123DA307700558FFE /* JobQueue.h */ = {isa = PBXFileReference; fileEncoding = 4; lastKnownFileType = sourcecode.c.h; path = JobQueue.h; sourceTree = "<group>"; };
		B927040223DA307700558FFE /* Info.tests.plist */ = {isa = PBXFileReference; fileEncoding = 4; lastKnownFileType = text.plist.xml; path = Info.tests.plist; sourceTree = "<group>"; };
		B927040323DA307700558FFE /* Info.plist */ = {isa = PBXFileReference; fileEncoding = 4; lastKnownFileType = text.plist.xml; path = Info.plist; sourceTree = "<group>"; };
		B927040C23DA313200558FFE /* JobQueueInMemoryStorage.framework */ = {isa = PBXFileReference; explicitFileType = wrapper.framework; includeInIndex = 0; path = JobQueueInMemoryStorage.framework; sourceTree = BUILT_PRODUCTS_DIR; };
		B927041723DA33AA00558FFE /* JobSchedule.swift */ = {isa = PBXFileReference; fileEncoding = 4; lastKnownFileType = sourcecode.swift; path = JobSchedule.swift; sourceTree = "<group>"; };
		B927041823DA33AA00558FFE /* JobQueue.swift */ = {isa = PBXFileReference; fileEncoding = 4; lastKnownFileType = sourcecode.swift; path = JobQueue.swift; sourceTree = "<group>"; };
		B927041923DA33AA00558FFE /* JobStatus.swift */ = {isa = PBXFileReference; fileEncoding = 4; lastKnownFileType = sourcecode.swift; path = JobStatus.swift; sourceTree = "<group>"; };
		B927041A23DA33AA00558FFE /* DefaultJobProcessor.swift */ = {isa = PBXFileReference; fileEncoding = 4; lastKnownFileType = sourcecode.swift; path = DefaultJobProcessor.swift; sourceTree = "<group>"; };
		B927041B23DA33AA00558FFE /* JobQueueProcessors.swift */ = {isa = PBXFileReference; fileEncoding = 4; lastKnownFileType = sourcecode.swift; path = JobQueueProcessors.swift; sourceTree = "<group>"; };
		B927041C23DA33AA00558FFE /* DefaultJobSorter.swift */ = {isa = PBXFileReference; fileEncoding = 4; lastKnownFileType = sourcecode.swift; path = DefaultJobSorter.swift; sourceTree = "<group>"; };
		B927041E23DA33AA00558FFE /* TestJob1.swift */ = {isa = PBXFileReference; fileEncoding = 4; lastKnownFileType = sourcecode.swift; path = TestJob1.swift; sourceTree = "<group>"; };
		B927041F23DA33AA00558FFE /* TestJob2.swift */ = {isa = PBXFileReference; fileEncoding = 4; lastKnownFileType = sourcecode.swift; path = TestJob2.swift; sourceTree = "<group>"; };
		B927042123DA33AA00558FFE /* Storage.swift */ = {isa = PBXFileReference; fileEncoding = 4; lastKnownFileType = sourcecode.swift; path = Storage.swift; sourceTree = "<group>"; };
		B927042223DA33AA00558FFE /* The.swift */ = {isa = PBXFileReference; fileEncoding = 4; lastKnownFileType = sourcecode.swift; path = The.swift; sourceTree = "<group>"; };
		B927042323DA33AA00558FFE /* Job.swift */ = {isa = PBXFileReference; fileEncoding = 4; lastKnownFileType = sourcecode.swift; path = Job.swift; sourceTree = "<group>"; };
		B927043923DA386100558FFE /* JobQueue.framework */ = {isa = PBXFileReference; explicitFileType = wrapper.framework; includeInIndex = 0; path = JobQueue.framework; sourceTree = BUILT_PRODUCTS_DIR; };
		B927045223DA391300558FFE /* JobQueue */ = {isa = PBXFileReference; lastKnownFileType = folder; path = JobQueue; sourceTree = "<group>"; };
		B927046623DA39E700558FFE /* JobQueueInMemoryStorage.framework */ = {isa = PBXFileReference; explicitFileType = wrapper.framework; includeInIndex = 0; path = JobQueueInMemoryStorage.framework; sourceTree = BUILT_PRODUCTS_DIR; };
		B927047323DA3AB000558FFE /* JobQueue.framework */ = {isa = PBXFileReference; explicitFileType = wrapper.framework; includeInIndex = 0; path = JobQueue.framework; sourceTree = BUILT_PRODUCTS_DIR; };
		B927047B23DA3AB000558FFE /* JobQueue.tests.macOS.xctest */ = {isa = PBXFileReference; explicitFileType = wrapper.cfbundle; includeInIndex = 0; path = JobQueue.tests.macOS.xctest; sourceTree = BUILT_PRODUCTS_DIR; };
		B92704A023DA3B9C00558FFE /* JobQueueInMemoryStorage.framework */ = {isa = PBXFileReference; explicitFileType = wrapper.framework; includeInIndex = 0; path = JobQueueInMemoryStorage.framework; sourceTree = BUILT_PRODUCTS_DIR; };
		BA5ADCCB95BDE8FE49BA114C /* Pods-All-Frameworks-JobQueue.iOS.debug.xcconfig */ = {isa = PBXFileReference; includeInIndex = 1; lastKnownFileType = text.xcconfig; name = "Pods-All-Frameworks-JobQueue.iOS.debug.xcconfig"; path = "Target Support Files/Pods-All-Frameworks-JobQueue.iOS/Pods-All-Frameworks-JobQueue.iOS.debug.xcconfig"; sourceTree = "<group>"; };
		BC2ECAF0E99561B95422F35B /* Pods-All-Frameworks-JobQueue.macOS.debug.xcconfig */ = {isa = PBXFileReference; includeInIndex = 1; lastKnownFileType = text.xcconfig; name = "Pods-All-Frameworks-JobQueue.macOS.debug.xcconfig"; path = "Target Support Files/Pods-All-Frameworks-JobQueue.macOS/Pods-All-Frameworks-JobQueue.macOS.debug.xcconfig"; sourceTree = "<group>"; };
		C4F94EAEBFB5D1AD1A14B1E8 /* Pods-All-Frameworks-JobQueueInMemoryStorage.watchOS.release.xcconfig */ = {isa = PBXFileReference; includeInIndex = 1; lastKnownFileType = text.xcconfig; name = "Pods-All-Frameworks-JobQueueInMemoryStorage.watchOS.release.xcconfig"; path = "Target Support Files/Pods-All-Frameworks-JobQueueInMemoryStorage.watchOS/Pods-All-Frameworks-JobQueueInMemoryStorage.watchOS.release.xcconfig"; sourceTree = "<group>"; };
		C885964ED560D015C5A398E2 /* Pods_All_Frameworks_JobQueue_macOS.framework */ = {isa = PBXFileReference; explicitFileType = wrapper.framework; includeInIndex = 0; path = Pods_All_Frameworks_JobQueue_macOS.framework; sourceTree = BUILT_PRODUCTS_DIR; };
		CD806CA966A83FCDA3175336 /* Pods-All-JobQueueInMemoryStorage.iOS.debug.xcconfig */ = {isa = PBXFileReference; includeInIndex = 1; lastKnownFileType = text.xcconfig; name = "Pods-All-JobQueueInMemoryStorage.iOS.debug.xcconfig"; path = "Target Support Files/Pods-All-JobQueueInMemoryStorage.iOS/Pods-All-JobQueueInMemoryStorage.iOS.debug.xcconfig"; sourceTree = "<group>"; };
		CFB36BB3C708803309D46BC4 /* Pods-All-Frameworks-JobQueue.iOS.release.xcconfig */ = {isa = PBXFileReference; includeInIndex = 1; lastKnownFileType = text.xcconfig; name = "Pods-All-Frameworks-JobQueue.iOS.release.xcconfig"; path = "Target Support Files/Pods-All-Frameworks-JobQueue.iOS/Pods-All-Frameworks-JobQueue.iOS.release.xcconfig"; sourceTree = "<group>"; };
		DA51E0B989FD404B9CF507E2 /* Pods-All-JobQueueInMemoryStorage.iOS.release.xcconfig */ = {isa = PBXFileReference; includeInIndex = 1; lastKnownFileType = text.xcconfig; name = "Pods-All-JobQueueInMemoryStorage.iOS.release.xcconfig"; path = "Target Support Files/Pods-All-JobQueueInMemoryStorage.iOS/Pods-All-JobQueueInMemoryStorage.iOS.release.xcconfig"; sourceTree = "<group>"; };
		DC5CD7AF0A0512A9909113A4 /* Pods-All-JobQueue.iOS.debug.xcconfig */ = {isa = PBXFileReference; includeInIndex = 1; lastKnownFileType = text.xcconfig; name = "Pods-All-JobQueue.iOS.debug.xcconfig"; path = "Target Support Files/Pods-All-JobQueue.iOS/Pods-All-JobQueue.iOS.debug.xcconfig"; sourceTree = "<group>"; };
		E12ED475485CF3879619E7B5 /* Pods-All-Frameworks-JobQueue.watchOS.release.xcconfig */ = {isa = PBXFileReference; includeInIndex = 1; lastKnownFileType = text.xcconfig; name = "Pods-All-Frameworks-JobQueue.watchOS.release.xcconfig"; path = "Target Support Files/Pods-All-Frameworks-JobQueue.watchOS/Pods-All-Frameworks-JobQueue.watchOS.release.xcconfig"; sourceTree = "<group>"; };
		EA98D545F4DC5F7286118228 /* Pods-All-Frameworks-JobQueue.macOS.release.xcconfig */ = {isa = PBXFileReference; includeInIndex = 1; lastKnownFileType = text.xcconfig; name = "Pods-All-Frameworks-JobQueue.macOS.release.xcconfig"; path = "Target Support Files/Pods-All-Frameworks-JobQueue.macOS/Pods-All-Frameworks-JobQueue.macOS.release.xcconfig"; sourceTree = "<group>"; };
		F77D887CFA5B486F86174BF1 /* Pods-All-Frameworks-JobQueueInMemoryStorage.iOS.debug.xcconfig */ = {isa = PBXFileReference; includeInIndex = 1; lastKnownFileType = text.xcconfig; name = "Pods-All-Frameworks-JobQueueInMemoryStorage.iOS.debug.xcconfig"; path = "Target Support Files/Pods-All-Frameworks-JobQueueInMemoryStorage.iOS/Pods-All-Frameworks-JobQueueInMemoryStorage.iOS.debug.xcconfig"; sourceTree = "<group>"; };
		FF069178B5478FD78B30927A /* Pods-All-Frameworks-JobQueueInMemoryStorage.macOS.debug.xcconfig */ = {isa = PBXFileReference; includeInIndex = 1; lastKnownFileType = text.xcconfig; name = "Pods-All-Frameworks-JobQueueInMemoryStorage.macOS.debug.xcconfig"; path = "Target Support Files/Pods-All-Frameworks-JobQueueInMemoryStorage.macOS/Pods-All-Frameworks-JobQueueInMemoryStorage.macOS.debug.xcconfig"; sourceTree = "<group>"; };
/* End PBXFileReference section */

/* Begin PBXFrameworksBuildPhase section */
		B92703BB23DA2E7E00558FFE /* Frameworks */ = {
			isa = PBXFrameworksBuildPhase;
			buildActionMask = 2147483647;
			files = (
				16C6B589F9E12F87CFB7CA5E /* Pods_All_Frameworks_JobQueue_iOS.framework in Frameworks */,
			);
			runOnlyForDeploymentPostprocessing = 0;
		};
		B92703C423DA2E7E00558FFE /* Frameworks */ = {
			isa = PBXFrameworksBuildPhase;
			buildActionMask = 2147483647;
			files = (
				B927043323DA371300558FFE /* JobQueueInMemoryStorage.framework in Frameworks */,
				B92703C823DA2E7E00558FFE /* JobQueue.framework in Frameworks */,
				2099DE9EDAC3AFD90B7B3380 /* Pods_All_Tests_JobQueue_tests_iOS.framework in Frameworks */,
			);
			runOnlyForDeploymentPostprocessing = 0;
		};
		B927040923DA313200558FFE /* Frameworks */ = {
			isa = PBXFrameworksBuildPhase;
			buildActionMask = 2147483647;
			files = (
				577AE30132907B64BDF3C1C3 /* Pods_All_Frameworks_JobQueueInMemoryStorage_iOS.framework in Frameworks */,
			);
			runOnlyForDeploymentPostprocessing = 0;
		};
		B927043623DA386100558FFE /* Frameworks */ = {
			isa = PBXFrameworksBuildPhase;
			buildActionMask = 2147483647;
			files = (
				64C73E6A4A9037D532188C47 /* Pods_All_Frameworks_JobQueue_watchOS.framework in Frameworks */,
			);
			runOnlyForDeploymentPostprocessing = 0;
		};
		B927046323DA39E700558FFE /* Frameworks */ = {
			isa = PBXFrameworksBuildPhase;
			buildActionMask = 2147483647;
			files = (
				B92704AC23DA3C0E00558FFE /* JobQueue.framework in Frameworks */,
				E497E197436815F111148881 /* Pods_All_Frameworks_JobQueueInMemoryStorage_watchOS.framework in Frameworks */,
			);
			runOnlyForDeploymentPostprocessing = 0;
		};
		B927047023DA3AB000558FFE /* Frameworks */ = {
			isa = PBXFrameworksBuildPhase;
			buildActionMask = 2147483647;
			files = (
				E9817FA93AF1B6EF71759447 /* Pods_All_Frameworks_JobQueue_macOS.framework in Frameworks */,
			);
			runOnlyForDeploymentPostprocessing = 0;
		};
		B927047823DA3AB000558FFE /* Frameworks */ = {
			isa = PBXFrameworksBuildPhase;
			buildActionMask = 2147483647;
			files = (
				B92704B223DA3C7A00558FFE /* JobQueueInMemoryStorage.framework in Frameworks */,
				B927047C23DA3AB000558FFE /* JobQueue.framework in Frameworks */,
				9543B072E6BCB33A3BE83AD1 /* Pods_All_Tests_JobQueue_tests_macOS.framework in Frameworks */,
			);
			runOnlyForDeploymentPostprocessing = 0;
		};
		B927049D23DA3B9C00558FFE /* Frameworks */ = {
			isa = PBXFrameworksBuildPhase;
			buildActionMask = 2147483647;
			files = (
				B92704AF23DA3C1900558FFE /* JobQueue.framework in Frameworks */,
				C9EDB04115BAAFD9B331523D /* Pods_All_Frameworks_JobQueueInMemoryStorage_macOS.framework in Frameworks */,
			);
			runOnlyForDeploymentPostprocessing = 0;
		};
/* End PBXFrameworksBuildPhase section */

/* Begin PBXGroup section */
		30FF360CC86FCC0F31783338 /* Frameworks */ = {
			isa = PBXGroup;
			children = (
				996CE280A2CEA4D81D8FCCA6 /* Pods_All_Frameworks_JobQueue_iOS.framework */,
				782D7D72CA30CAFF65E54483 /* Pods_All_Frameworks_JobQueueInMemoryStorage_iOS.framework */,
				1E3643A028E6E1C1DDFE7EC6 /* Pods_All_Tests_JobQueue_tests_iOS.framework */,
				299FEBD0140565ADC2D17D5F /* Pods_All_Frameworks_JobQueue_watchOS.framework */,
				A1F9A852E7CC44A03CAA803B /* Pods_All_Frameworks_JobQueueInMemoryStorage_watchOS.framework */,
				C885964ED560D015C5A398E2 /* Pods_All_Frameworks_JobQueue_macOS.framework */,
				327911DD81E0D482E20A043B /* Pods_All_Tests_JobQueue_tests_macOS.framework */,
				17353D1DEFD255DBC1D6450F /* Pods_All_Frameworks_JobQueueInMemoryStorage_macOS.framework */,
			);
			name = Frameworks;
			sourceTree = "<group>";
		};
		3EDA75788FE9A3356C692076 /* Pods */ = {
			isa = PBXGroup;
			children = (
				DC5CD7AF0A0512A9909113A4 /* Pods-All-JobQueue.iOS.debug.xcconfig */,
				7C04A858FEB7053CFE584207 /* Pods-All-JobQueue.iOS.release.xcconfig */,
				CD806CA966A83FCDA3175336 /* Pods-All-JobQueueInMemoryStorage.iOS.debug.xcconfig */,
				DA51E0B989FD404B9CF507E2 /* Pods-All-JobQueueInMemoryStorage.iOS.release.xcconfig */,
				BA5ADCCB95BDE8FE49BA114C /* Pods-All-Frameworks-JobQueue.iOS.debug.xcconfig */,
				CFB36BB3C708803309D46BC4 /* Pods-All-Frameworks-JobQueue.iOS.release.xcconfig */,
				F77D887CFA5B486F86174BF1 /* Pods-All-Frameworks-JobQueueInMemoryStorage.iOS.debug.xcconfig */,
				86BD5FB6DB08E70720F5AE44 /* Pods-All-Frameworks-JobQueueInMemoryStorage.iOS.release.xcconfig */,
				891AAE188865ED5D61678013 /* Pods-All-Tests-JobQueue.tests.iOS.debug.xcconfig */,
				3B43E4583A46CD72293BB48C /* Pods-All-Tests-JobQueue.tests.iOS.release.xcconfig */,
				04A5A3BFD5CB23E919FF3D57 /* Pods-All-Frameworks-JobQueue.watchOS.debug.xcconfig */,
				E12ED475485CF3879619E7B5 /* Pods-All-Frameworks-JobQueue.watchOS.release.xcconfig */,
				B8682289ED45D23545CF130A /* Pods-All-Frameworks-JobQueueInMemoryStorage.watchOS.debug.xcconfig */,
				C4F94EAEBFB5D1AD1A14B1E8 /* Pods-All-Frameworks-JobQueueInMemoryStorage.watchOS.release.xcconfig */,
				BC2ECAF0E99561B95422F35B /* Pods-All-Frameworks-JobQueue.macOS.debug.xcconfig */,
				EA98D545F4DC5F7286118228 /* Pods-All-Frameworks-JobQueue.macOS.release.xcconfig */,
				A7DCF46540C79257BB06092D /* Pods-All-Tests-JobQueue.tests.macOS.debug.xcconfig */,
				514EE50F2B7B3389836FAC94 /* Pods-All-Tests-JobQueue.tests.macOS.release.xcconfig */,
				FF069178B5478FD78B30927A /* Pods-All-Frameworks-JobQueueInMemoryStorage.macOS.debug.xcconfig */,
				915CA15A6AECCB71ECC6AF7F /* Pods-All-Frameworks-JobQueueInMemoryStorage.macOS.release.xcconfig */,
			);
			path = Pods;
			sourceTree = "<group>";
		};
		B92703B423DA2E7D00558FFE = {
			isa = PBXGroup;
			children = (
				B927045223DA391300558FFE /* JobQueue */,
				B927040023DA307700558FFE /* Support Files */,
				B92703D923DA302E00558FFE /* Sources */,
				B927041523DA33AA00558FFE /* Tests */,
				B92703BF23DA2E7E00558FFE /* Products */,
				3EDA75788FE9A3356C692076 /* Pods */,
				30FF360CC86FCC0F31783338 /* Frameworks */,
			);
			sourceTree = "<group>";
		};
		B92703BF23DA2E7E00558FFE /* Products */ = {
			isa = PBXGroup;
			children = (
				B92703BE23DA2E7E00558FFE /* JobQueue.framework */,
				B92703C723DA2E7E00558FFE /* JobQueueTests.xctest */,
				B927040C23DA313200558FFE /* JobQueueInMemoryStorage.framework */,
				B927043923DA386100558FFE /* JobQueue.framework */,
				B927046623DA39E700558FFE /* JobQueueInMemoryStorage.framework */,
				B927047323DA3AB000558FFE /* JobQueue.framework */,
				B927047B23DA3AB000558FFE /* JobQueue.tests.macOS.xctest */,
				B92704A023DA3B9C00558FFE /* JobQueueInMemoryStorage.framework */,
			);
			name = Products;
			sourceTree = "<group>";
		};
		B92703D923DA302E00558FFE /* Sources */ = {
			isa = PBXGroup;
			children = (
				B92703DC23DA302E00558FFE /* JobQueue */,
				B92703DA23DA302E00558FFE /* JobQueueInMemoryStorage */,
			);
			path = Sources;
			sourceTree = "<group>";
		};
		B92703DA23DA302E00558FFE /* JobQueueInMemoryStorage */ = {
			isa = PBXGroup;
			children = (
				B92703DB23DA302E00558FFE /* JobStorage.swift */,
			);
			path = JobQueueInMemoryStorage;
			sourceTree = "<group>";
		};
		B92703DC23DA302E00558FFE /* JobQueue */ = {
			isa = PBXGroup;
			children = (
				B92703E423DA302E00558FFE /* Common.swift */,
				B92703EB23DA302E00558FFE /* Date+Extensions.swift */,
				B92703EA23DA302E00558FFE /* Dictionary+Extensions.swift */,
				B92703ED23DA302E00558FFE /* Job.swift */,
				B92703DD23DA302E00558FFE /* JobCancellation.swift */,
				B92703E823DA302E00558FFE /* JobProcessor.swift */,
				B92703E023DA302E00558FFE /* JobQueue.swift */,
				B92703E723DA302E00558FFE /* JobQueueDelayStrategy.swift */,
				B92703E923DA302E00558FFE /* JobQueueProcessors.swift */,
				B92703E123DA302E00558FFE /* JobQueueSchedulers.swift */,
				B92703DF23DA302E00558FFE /* JobSchedule.swift */,
				B92703EC23DA302E00558FFE /* JobSorter.swift */,
				B92703E323DA302E00558FFE /* JobStatus.swift */,
				B92703DE23DA302E00558FFE /* JobStorage.swift */,
				B92703E623DA302E00558FFE /* JobType.swift */,
				B92703E223DA302E00558FFE /* Logger.swift */,
				B92703E523DA302E00558FFE /* Sequence+Extensions.swift */,
			);
			path = JobQueue;
			sourceTree = "<group>";
		};
		B927040023DA307700558FFE /* Support Files */ = {
			isa = PBXGroup;
			children = (
				B927040123DA307700558FFE /* JobQueue.h */,
				B927040223DA307700558FFE /* Info.tests.plist */,
				B927040323DA307700558FFE /* Info.plist */,
			);
			path = "Support Files";
			sourceTree = "<group>";
		};
		B927041523DA33AA00558FFE /* Tests */ = {
			isa = PBXGroup;
			children = (
				B927041623DA33AA00558FFE /* JobQueueTests */,
			);
			path = Tests;
			sourceTree = "<group>";
		};
		B927041623DA33AA00558FFE /* JobQueueTests */ = {
			isa = PBXGroup;
			children = (
				B927041723DA33AA00558FFE /* JobSchedule.swift */,
				B927041823DA33AA00558FFE /* JobQueue.swift */,
				B927041923DA33AA00558FFE /* JobStatus.swift */,
				B927041A23DA33AA00558FFE /* DefaultJobProcessor.swift */,
				B927041B23DA33AA00558FFE /* JobQueueProcessors.swift */,
				B927041C23DA33AA00558FFE /* DefaultJobSorter.swift */,
				B927041D23DA33AA00558FFE /* Jobs */,
				B927042023DA33AA00558FFE /* Helpers */,
				B927042323DA33AA00558FFE /* Job.swift */,
			);
			path = JobQueueTests;
			sourceTree = "<group>";
		};
		B927041D23DA33AA00558FFE /* Jobs */ = {
			isa = PBXGroup;
			children = (
				B927041E23DA33AA00558FFE /* TestJob1.swift */,
				B927041F23DA33AA00558FFE /* TestJob2.swift */,
			);
			path = Jobs;
			sourceTree = "<group>";
		};
		B927042023DA33AA00558FFE /* Helpers */ = {
			isa = PBXGroup;
			children = (
				B927042123DA33AA00558FFE /* Storage.swift */,
				B927042223DA33AA00558FFE /* The.swift */,
			);
			path = Helpers;
			sourceTree = "<group>";
		};
/* End PBXGroup section */

/* Begin PBXHeadersBuildPhase section */
		B92703B923DA2E7E00558FFE /* Headers */ = {
			isa = PBXHeadersBuildPhase;
			buildActionMask = 2147483647;
			files = (
				B927040423DA307700558FFE /* JobQueue.h in Headers */,
			);
			runOnlyForDeploymentPostprocessing = 0;
		};
		B927040723DA313200558FFE /* Headers */ = {
			isa = PBXHeadersBuildPhase;
			buildActionMask = 2147483647;
			files = (
			);
			runOnlyForDeploymentPostprocessing = 0;
		};
		B927043423DA386100558FFE /* Headers */ = {
			isa = PBXHeadersBuildPhase;
			buildActionMask = 2147483647;
			files = (
			);
			runOnlyForDeploymentPostprocessing = 0;
		};
		B927046123DA39E700558FFE /* Headers */ = {
			isa = PBXHeadersBuildPhase;
			buildActionMask = 2147483647;
			files = (
			);
			runOnlyForDeploymentPostprocessing = 0;
		};
		B927046E23DA3AB000558FFE /* Headers */ = {
			isa = PBXHeadersBuildPhase;
			buildActionMask = 2147483647;
			files = (
			);
			runOnlyForDeploymentPostprocessing = 0;
		};
		B927049B23DA3B9C00558FFE /* Headers */ = {
			isa = PBXHeadersBuildPhase;
			buildActionMask = 2147483647;
			files = (
			);
			runOnlyForDeploymentPostprocessing = 0;
		};
/* End PBXHeadersBuildPhase section */

/* Begin PBXNativeTarget section */
		B92703BD23DA2E7E00558FFE /* JobQueue.iOS */ = {
			isa = PBXNativeTarget;
			buildConfigurationList = B92703D223DA2E7E00558FFE /* Build configuration list for PBXNativeTarget "JobQueue.iOS" */;
			buildPhases = (
				98221F443E7C958A38930D60 /* [CP] Check Pods Manifest.lock */,
				B92703B923DA2E7E00558FFE /* Headers */,
				B92703BA23DA2E7E00558FFE /* Sources */,
				B92703BB23DA2E7E00558FFE /* Frameworks */,
				B92703BC23DA2E7E00558FFE /* Resources */,
			);
			buildRules = (
			);
			dependencies = (
			);
			name = JobQueue.iOS;
			productName = JobQueue;
			productReference = B92703BE23DA2E7E00558FFE /* JobQueue.framework */;
			productType = "com.apple.product-type.framework";
		};
		B92703C623DA2E7E00558FFE /* JobQueue.tests.iOS */ = {
			isa = PBXNativeTarget;
			buildConfigurationList = B92703D523DA2E7E00558FFE /* Build configuration list for PBXNativeTarget "JobQueue.tests.iOS" */;
			buildPhases = (
				FFA4D057541B107137AB883A /* [CP] Check Pods Manifest.lock */,
				B92703C323DA2E7E00558FFE /* Sources */,
				B92703C423DA2E7E00558FFE /* Frameworks */,
				B92703C523DA2E7E00558FFE /* Resources */,
				C7D897F4415D2D0643880FAE /* [CP] Embed Pods Frameworks */,
			);
			buildRules = (
			);
			dependencies = (
				B927043223DA370A00558FFE /* PBXTargetDependency */,
				B92703CA23DA2E7E00558FFE /* PBXTargetDependency */,
			);
			name = JobQueue.tests.iOS;
			productName = JobQueueTests;
			productReference = B92703C723DA2E7E00558FFE /* JobQueueTests.xctest */;
			productType = "com.apple.product-type.bundle.unit-test";
		};
		B927040B23DA313200558FFE /* JobQueueInMemoryStorage.iOS */ = {
			isa = PBXNativeTarget;
			buildConfigurationList = B927041123DA313200558FFE /* Build configuration list for PBXNativeTarget "JobQueueInMemoryStorage.iOS" */;
			buildPhases = (
				67BF3274AEE85A37CE87F86B /* [CP] Check Pods Manifest.lock */,
				B927040723DA313200558FFE /* Headers */,
				B927040823DA313200558FFE /* Sources */,
				B927040923DA313200558FFE /* Frameworks */,
				B927040A23DA313200558FFE /* Resources */,
			);
			buildRules = (
			);
			dependencies = (
			);
			name = JobQueueInMemoryStorage.iOS;
			productName = JobQueueInMemoryStorage;
			productReference = B927040C23DA313200558FFE /* JobQueueInMemoryStorage.framework */;
			productType = "com.apple.product-type.framework";
		};
		B927043823DA386100558FFE /* JobQueue.watchOS */ = {
			isa = PBXNativeTarget;
			buildConfigurationList = B927043E23DA386100558FFE /* Build configuration list for PBXNativeTarget "JobQueue.watchOS" */;
			buildPhases = (
				0589A60976849B329B92AC19 /* [CP] Check Pods Manifest.lock */,
				B927043423DA386100558FFE /* Headers */,
				B927043523DA386100558FFE /* Sources */,
				B927043623DA386100558FFE /* Frameworks */,
				B927043723DA386100558FFE /* Resources */,
			);
			buildRules = (
			);
			dependencies = (
			);
			name = JobQueue.watchOS;
			productName = JobQueue;
			productReference = B927043923DA386100558FFE /* JobQueue.framework */;
			productType = "com.apple.product-type.framework";
		};
		B927046523DA39E700558FFE /* JobQueueInMemoryStorage.watchOS */ = {
			isa = PBXNativeTarget;
			buildConfigurationList = B927046B23DA39E700558FFE /* Build configuration list for PBXNativeTarget "JobQueueInMemoryStorage.watchOS" */;
			buildPhases = (
				F13EBB7254B8707E80DBCBEA /* [CP] Check Pods Manifest.lock */,
				B927046123DA39E700558FFE /* Headers */,
				B927046223DA39E700558FFE /* Sources */,
				B927046323DA39E700558FFE /* Frameworks */,
				B927046423DA39E700558FFE /* Resources */,
			);
			buildRules = (
			);
			dependencies = (
				B92704AB23DA3C0600558FFE /* PBXTargetDependency */,
			);
			name = JobQueueInMemoryStorage.watchOS;
			productName = JobQueueInMemoryStorageWatchOS;
			productReference = B927046623DA39E700558FFE /* JobQueueInMemoryStorage.framework */;
			productType = "com.apple.product-type.framework";
		};
		B927047223DA3AB000558FFE /* JobQueue.macOS */ = {
			isa = PBXNativeTarget;
			buildConfigurationList = B927048823DA3AB000558FFE /* Build configuration list for PBXNativeTarget "JobQueue.macOS" */;
			buildPhases = (
				A65F60B0492791B065ED0C1D /* [CP] Check Pods Manifest.lock */,
				B927046E23DA3AB000558FFE /* Headers */,
				B927046F23DA3AB000558FFE /* Sources */,
				B927047023DA3AB000558FFE /* Frameworks */,
				B927047123DA3AB000558FFE /* Resources */,
			);
			buildRules = (
			);
			dependencies = (
			);
			name = JobQueue.macOS;
			productName = JobQueuemacOS;
			productReference = B927047323DA3AB000558FFE /* JobQueue.framework */;
			productType = "com.apple.product-type.framework";
		};
		B927047A23DA3AB000558FFE /* JobQueue.tests.macOS */ = {
			isa = PBXNativeTarget;
			buildConfigurationList = B927048923DA3AB000558FFE /* Build configuration list for PBXNativeTarget "JobQueue.tests.macOS" */;
			buildPhases = (
				DA6712205466F535916751C8 /* [CP] Check Pods Manifest.lock */,
				B927047723DA3AB000558FFE /* Sources */,
				B927047823DA3AB000558FFE /* Frameworks */,
				B927047923DA3AB000558FFE /* Resources */,
				F6F5492DEBA73B9B1D4295AD /* [CP] Embed Pods Frameworks */,
			);
			buildRules = (
			);
			dependencies = (
				B92704B123DA3C6C00558FFE /* PBXTargetDependency */,
				B927047E23DA3AB000558FFE /* PBXTargetDependency */,
			);
			name = JobQueue.tests.macOS;
			productName = JobQueuemacOSTests;
			productReference = B927047B23DA3AB000558FFE /* JobQueue.tests.macOS.xctest */;
			productType = "com.apple.product-type.bundle.unit-test";
		};
		B927049F23DA3B9C00558FFE /* JobQueueInMemoryStorage.macOS */ = {
			isa = PBXNativeTarget;
			buildConfigurationList = B92704A723DA3B9C00558FFE /* Build configuration list for PBXNativeTarget "JobQueueInMemoryStorage.macOS" */;
			buildPhases = (
				3CBDF40A171D6887A37ECF49 /* [CP] Check Pods Manifest.lock */,
				B927049B23DA3B9C00558FFE /* Headers */,
				B927049C23DA3B9C00558FFE /* Sources */,
				B927049D23DA3B9C00558FFE /* Frameworks */,
				B927049E23DA3B9C00558FFE /* Resources */,
			);
			buildRules = (
			);
			dependencies = (
				B92704AE23DA3C1400558FFE /* PBXTargetDependency */,
			);
			name = JobQueueInMemoryStorage.macOS;
			productName = JobQueueInMemoryStoragemacOS;
			productReference = B92704A023DA3B9C00558FFE /* JobQueueInMemoryStorage.framework */;
			productType = "com.apple.product-type.framework";
		};
/* End PBXNativeTarget section */

/* Begin PBXProject section */
		B92703B523DA2E7D00558FFE /* Project object */ = {
			isa = PBXProject;
			attributes = {
				LastSwiftUpdateCheck = 1130;
				LastUpgradeCheck = 1130;
				ORGANIZATIONNAME = "Tundaware LLC";
				TargetAttributes = {
					B92703BD23DA2E7E00558FFE = {
						CreatedOnToolsVersion = 11.3.1;
					};
					B92703C623DA2E7E00558FFE = {
						CreatedOnToolsVersion = 11.3.1;
					};
					B927040B23DA313200558FFE = {
						CreatedOnToolsVersion = 11.3.1;
					};
					B927043823DA386100558FFE = {
						CreatedOnToolsVersion = 11.3.1;
					};
					B927046523DA39E700558FFE = {
						CreatedOnToolsVersion = 11.3.1;
					};
					B927047223DA3AB000558FFE = {
						CreatedOnToolsVersion = 11.3.1;
					};
					B927047A23DA3AB000558FFE = {
						CreatedOnToolsVersion = 11.3.1;
					};
					B927049F23DA3B9C00558FFE = {
						CreatedOnToolsVersion = 11.3.1;
					};
				};
			};
			buildConfigurationList = B92703B823DA2E7D00558FFE /* Build configuration list for PBXProject "JobQueue" */;
			compatibilityVersion = "Xcode 9.3";
			developmentRegion = en;
			hasScannedForEncodings = 0;
			knownRegions = (
				en,
				Base,
			);
			mainGroup = B92703B423DA2E7D00558FFE;
			productRefGroup = B92703BF23DA2E7E00558FFE /* Products */;
			projectDirPath = "";
			projectRoot = "";
			targets = (
				B92703BD23DA2E7E00558FFE /* JobQueue.iOS */,
				B927043823DA386100558FFE /* JobQueue.watchOS */,
				B927047223DA3AB000558FFE /* JobQueue.macOS */,
				B927040B23DA313200558FFE /* JobQueueInMemoryStorage.iOS */,
				B927046523DA39E700558FFE /* JobQueueInMemoryStorage.watchOS */,
				B927049F23DA3B9C00558FFE /* JobQueueInMemoryStorage.macOS */,
				B92703C623DA2E7E00558FFE /* JobQueue.tests.iOS */,
				B927047A23DA3AB000558FFE /* JobQueue.tests.macOS */,
			);
		};
/* End PBXProject section */

/* Begin PBXResourcesBuildPhase section */
		B92703BC23DA2E7E00558FFE /* Resources */ = {
			isa = PBXResourcesBuildPhase;
			buildActionMask = 2147483647;
			files = (
			);
			runOnlyForDeploymentPostprocessing = 0;
		};
		B92703C523DA2E7E00558FFE /* Resources */ = {
			isa = PBXResourcesBuildPhase;
			buildActionMask = 2147483647;
			files = (
			);
			runOnlyForDeploymentPostprocessing = 0;
		};
		B927040A23DA313200558FFE /* Resources */ = {
			isa = PBXResourcesBuildPhase;
			buildActionMask = 2147483647;
			files = (
			);
			runOnlyForDeploymentPostprocessing = 0;
		};
		B927043723DA386100558FFE /* Resources */ = {
			isa = PBXResourcesBuildPhase;
			buildActionMask = 2147483647;
			files = (
			);
			runOnlyForDeploymentPostprocessing = 0;
		};
		B927046423DA39E700558FFE /* Resources */ = {
			isa = PBXResourcesBuildPhase;
			buildActionMask = 2147483647;
			files = (
			);
			runOnlyForDeploymentPostprocessing = 0;
		};
		B927047123DA3AB000558FFE /* Resources */ = {
			isa = PBXResourcesBuildPhase;
			buildActionMask = 2147483647;
			files = (
			);
			runOnlyForDeploymentPostprocessing = 0;
		};
		B927047923DA3AB000558FFE /* Resources */ = {
			isa = PBXResourcesBuildPhase;
			buildActionMask = 2147483647;
			files = (
			);
			runOnlyForDeploymentPostprocessing = 0;
		};
		B927049E23DA3B9C00558FFE /* Resources */ = {
			isa = PBXResourcesBuildPhase;
			buildActionMask = 2147483647;
			files = (
			);
			runOnlyForDeploymentPostprocessing = 0;
		};
/* End PBXResourcesBuildPhase section */

/* Begin PBXShellScriptBuildPhase section */
		0589A60976849B329B92AC19 /* [CP] Check Pods Manifest.lock */ = {
			isa = PBXShellScriptBuildPhase;
			buildActionMask = 2147483647;
			files = (
			);
			inputFileListPaths = (
			);
			inputPaths = (
				"${PODS_PODFILE_DIR_PATH}/Podfile.lock",
				"${PODS_ROOT}/Manifest.lock",
			);
			name = "[CP] Check Pods Manifest.lock";
			outputFileListPaths = (
			);
			outputPaths = (
				"$(DERIVED_FILE_DIR)/Pods-All-Frameworks-JobQueue.watchOS-checkManifestLockResult.txt",
			);
			runOnlyForDeploymentPostprocessing = 0;
			shellPath = /bin/sh;
			shellScript = "diff \"${PODS_PODFILE_DIR_PATH}/Podfile.lock\" \"${PODS_ROOT}/Manifest.lock\" > /dev/null\nif [ $? != 0 ] ; then\n    # print error to STDERR\n    echo \"error: The sandbox is not in sync with the Podfile.lock. Run 'pod install' or update your CocoaPods installation.\" >&2\n    exit 1\nfi\n# This output is used by Xcode 'outputs' to avoid re-running this script phase.\necho \"SUCCESS\" > \"${SCRIPT_OUTPUT_FILE_0}\"\n";
			showEnvVarsInLog = 0;
		};
		3CBDF40A171D6887A37ECF49 /* [CP] Check Pods Manifest.lock */ = {
			isa = PBXShellScriptBuildPhase;
			buildActionMask = 2147483647;
			files = (
			);
			inputFileListPaths = (
			);
			inputPaths = (
				"${PODS_PODFILE_DIR_PATH}/Podfile.lock",
				"${PODS_ROOT}/Manifest.lock",
			);
			name = "[CP] Check Pods Manifest.lock";
			outputFileListPaths = (
			);
			outputPaths = (
				"$(DERIVED_FILE_DIR)/Pods-All-Frameworks-JobQueueInMemoryStorage.macOS-checkManifestLockResult.txt",
			);
			runOnlyForDeploymentPostprocessing = 0;
			shellPath = /bin/sh;
			shellScript = "diff \"${PODS_PODFILE_DIR_PATH}/Podfile.lock\" \"${PODS_ROOT}/Manifest.lock\" > /dev/null\nif [ $? != 0 ] ; then\n    # print error to STDERR\n    echo \"error: The sandbox is not in sync with the Podfile.lock. Run 'pod install' or update your CocoaPods installation.\" >&2\n    exit 1\nfi\n# This output is used by Xcode 'outputs' to avoid re-running this script phase.\necho \"SUCCESS\" > \"${SCRIPT_OUTPUT_FILE_0}\"\n";
			showEnvVarsInLog = 0;
		};
		67BF3274AEE85A37CE87F86B /* [CP] Check Pods Manifest.lock */ = {
			isa = PBXShellScriptBuildPhase;
			buildActionMask = 2147483647;
			files = (
			);
			inputFileListPaths = (
			);
			inputPaths = (
				"${PODS_PODFILE_DIR_PATH}/Podfile.lock",
				"${PODS_ROOT}/Manifest.lock",
			);
			name = "[CP] Check Pods Manifest.lock";
			outputFileListPaths = (
			);
			outputPaths = (
				"$(DERIVED_FILE_DIR)/Pods-All-Frameworks-JobQueueInMemoryStorage.iOS-checkManifestLockResult.txt",
			);
			runOnlyForDeploymentPostprocessing = 0;
			shellPath = /bin/sh;
			shellScript = "diff \"${PODS_PODFILE_DIR_PATH}/Podfile.lock\" \"${PODS_ROOT}/Manifest.lock\" > /dev/null\nif [ $? != 0 ] ; then\n    # print error to STDERR\n    echo \"error: The sandbox is not in sync with the Podfile.lock. Run 'pod install' or update your CocoaPods installation.\" >&2\n    exit 1\nfi\n# This output is used by Xcode 'outputs' to avoid re-running this script phase.\necho \"SUCCESS\" > \"${SCRIPT_OUTPUT_FILE_0}\"\n";
			showEnvVarsInLog = 0;
		};
		98221F443E7C958A38930D60 /* [CP] Check Pods Manifest.lock */ = {
			isa = PBXShellScriptBuildPhase;
			buildActionMask = 2147483647;
			files = (
			);
			inputFileListPaths = (
			);
			inputPaths = (
				"${PODS_PODFILE_DIR_PATH}/Podfile.lock",
				"${PODS_ROOT}/Manifest.lock",
			);
			name = "[CP] Check Pods Manifest.lock";
			outputFileListPaths = (
			);
			outputPaths = (
				"$(DERIVED_FILE_DIR)/Pods-All-Frameworks-JobQueue.iOS-checkManifestLockResult.txt",
			);
			runOnlyForDeploymentPostprocessing = 0;
			shellPath = /bin/sh;
			shellScript = "diff \"${PODS_PODFILE_DIR_PATH}/Podfile.lock\" \"${PODS_ROOT}/Manifest.lock\" > /dev/null\nif [ $? != 0 ] ; then\n    # print error to STDERR\n    echo \"error: The sandbox is not in sync with the Podfile.lock. Run 'pod install' or update your CocoaPods installation.\" >&2\n    exit 1\nfi\n# This output is used by Xcode 'outputs' to avoid re-running this script phase.\necho \"SUCCESS\" > \"${SCRIPT_OUTPUT_FILE_0}\"\n";
			showEnvVarsInLog = 0;
		};
		A65F60B0492791B065ED0C1D /* [CP] Check Pods Manifest.lock */ = {
			isa = PBXShellScriptBuildPhase;
			buildActionMask = 2147483647;
			files = (
			);
			inputFileListPaths = (
			);
			inputPaths = (
				"${PODS_PODFILE_DIR_PATH}/Podfile.lock",
				"${PODS_ROOT}/Manifest.lock",
			);
			name = "[CP] Check Pods Manifest.lock";
			outputFileListPaths = (
			);
			outputPaths = (
				"$(DERIVED_FILE_DIR)/Pods-All-Frameworks-JobQueue.macOS-checkManifestLockResult.txt",
			);
			runOnlyForDeploymentPostprocessing = 0;
			shellPath = /bin/sh;
			shellScript = "diff \"${PODS_PODFILE_DIR_PATH}/Podfile.lock\" \"${PODS_ROOT}/Manifest.lock\" > /dev/null\nif [ $? != 0 ] ; then\n    # print error to STDERR\n    echo \"error: The sandbox is not in sync with the Podfile.lock. Run 'pod install' or update your CocoaPods installation.\" >&2\n    exit 1\nfi\n# This output is used by Xcode 'outputs' to avoid re-running this script phase.\necho \"SUCCESS\" > \"${SCRIPT_OUTPUT_FILE_0}\"\n";
			showEnvVarsInLog = 0;
		};
		C7D897F4415D2D0643880FAE /* [CP] Embed Pods Frameworks */ = {
			isa = PBXShellScriptBuildPhase;
			buildActionMask = 2147483647;
			files = (
			);
			inputFileListPaths = (
				"${PODS_ROOT}/Target Support Files/Pods-All-Tests-JobQueue.tests.iOS/Pods-All-Tests-JobQueue.tests.iOS-frameworks-${CONFIGURATION}-input-files.xcfilelist",
			);
			name = "[CP] Embed Pods Frameworks";
			outputFileListPaths = (
				"${PODS_ROOT}/Target Support Files/Pods-All-Tests-JobQueue.tests.iOS/Pods-All-Tests-JobQueue.tests.iOS-frameworks-${CONFIGURATION}-output-files.xcfilelist",
			);
			runOnlyForDeploymentPostprocessing = 0;
			shellPath = /bin/sh;
			shellScript = "\"${PODS_ROOT}/Target Support Files/Pods-All-Tests-JobQueue.tests.iOS/Pods-All-Tests-JobQueue.tests.iOS-frameworks.sh\"\n";
			showEnvVarsInLog = 0;
		};
		DA6712205466F535916751C8 /* [CP] Check Pods Manifest.lock */ = {
			isa = PBXShellScriptBuildPhase;
			buildActionMask = 2147483647;
			files = (
			);
			inputFileListPaths = (
			);
			inputPaths = (
				"${PODS_PODFILE_DIR_PATH}/Podfile.lock",
				"${PODS_ROOT}/Manifest.lock",
			);
			name = "[CP] Check Pods Manifest.lock";
			outputFileListPaths = (
			);
			outputPaths = (
				"$(DERIVED_FILE_DIR)/Pods-All-Tests-JobQueue.tests.macOS-checkManifestLockResult.txt",
			);
			runOnlyForDeploymentPostprocessing = 0;
			shellPath = /bin/sh;
			shellScript = "diff \"${PODS_PODFILE_DIR_PATH}/Podfile.lock\" \"${PODS_ROOT}/Manifest.lock\" > /dev/null\nif [ $? != 0 ] ; then\n    # print error to STDERR\n    echo \"error: The sandbox is not in sync with the Podfile.lock. Run 'pod install' or update your CocoaPods installation.\" >&2\n    exit 1\nfi\n# This output is used by Xcode 'outputs' to avoid re-running this script phase.\necho \"SUCCESS\" > \"${SCRIPT_OUTPUT_FILE_0}\"\n";
			showEnvVarsInLog = 0;
		};
		F13EBB7254B8707E80DBCBEA /* [CP] Check Pods Manifest.lock */ = {
			isa = PBXShellScriptBuildPhase;
			buildActionMask = 2147483647;
			files = (
			);
			inputFileListPaths = (
			);
			inputPaths = (
				"${PODS_PODFILE_DIR_PATH}/Podfile.lock",
				"${PODS_ROOT}/Manifest.lock",
			);
			name = "[CP] Check Pods Manifest.lock";
			outputFileListPaths = (
			);
			outputPaths = (
				"$(DERIVED_FILE_DIR)/Pods-All-Frameworks-JobQueueInMemoryStorage.watchOS-checkManifestLockResult.txt",
			);
			runOnlyForDeploymentPostprocessing = 0;
			shellPath = /bin/sh;
			shellScript = "diff \"${PODS_PODFILE_DIR_PATH}/Podfile.lock\" \"${PODS_ROOT}/Manifest.lock\" > /dev/null\nif [ $? != 0 ] ; then\n    # print error to STDERR\n    echo \"error: The sandbox is not in sync with the Podfile.lock. Run 'pod install' or update your CocoaPods installation.\" >&2\n    exit 1\nfi\n# This output is used by Xcode 'outputs' to avoid re-running this script phase.\necho \"SUCCESS\" > \"${SCRIPT_OUTPUT_FILE_0}\"\n";
			showEnvVarsInLog = 0;
		};
		F6F5492DEBA73B9B1D4295AD /* [CP] Embed Pods Frameworks */ = {
			isa = PBXShellScriptBuildPhase;
			buildActionMask = 2147483647;
			files = (
			);
			inputFileListPaths = (
				"${PODS_ROOT}/Target Support Files/Pods-All-Tests-JobQueue.tests.macOS/Pods-All-Tests-JobQueue.tests.macOS-frameworks-${CONFIGURATION}-input-files.xcfilelist",
			);
			name = "[CP] Embed Pods Frameworks";
			outputFileListPaths = (
				"${PODS_ROOT}/Target Support Files/Pods-All-Tests-JobQueue.tests.macOS/Pods-All-Tests-JobQueue.tests.macOS-frameworks-${CONFIGURATION}-output-files.xcfilelist",
			);
			runOnlyForDeploymentPostprocessing = 0;
			shellPath = /bin/sh;
			shellScript = "\"${PODS_ROOT}/Target Support Files/Pods-All-Tests-JobQueue.tests.macOS/Pods-All-Tests-JobQueue.tests.macOS-frameworks.sh\"\n";
			showEnvVarsInLog = 0;
		};
		FFA4D057541B107137AB883A /* [CP] Check Pods Manifest.lock */ = {
			isa = PBXShellScriptBuildPhase;
			buildActionMask = 2147483647;
			files = (
			);
			inputFileListPaths = (
			);
			inputPaths = (
				"${PODS_PODFILE_DIR_PATH}/Podfile.lock",
				"${PODS_ROOT}/Manifest.lock",
			);
			name = "[CP] Check Pods Manifest.lock";
			outputFileListPaths = (
			);
			outputPaths = (
				"$(DERIVED_FILE_DIR)/Pods-All-Tests-JobQueue.tests.iOS-checkManifestLockResult.txt",
			);
			runOnlyForDeploymentPostprocessing = 0;
			shellPath = /bin/sh;
			shellScript = "diff \"${PODS_PODFILE_DIR_PATH}/Podfile.lock\" \"${PODS_ROOT}/Manifest.lock\" > /dev/null\nif [ $? != 0 ] ; then\n    # print error to STDERR\n    echo \"error: The sandbox is not in sync with the Podfile.lock. Run 'pod install' or update your CocoaPods installation.\" >&2\n    exit 1\nfi\n# This output is used by Xcode 'outputs' to avoid re-running this script phase.\necho \"SUCCESS\" > \"${SCRIPT_OUTPUT_FILE_0}\"\n";
			showEnvVarsInLog = 0;
		};
/* End PBXShellScriptBuildPhase section */

/* Begin PBXSourcesBuildPhase section */
		B92703BA23DA2E7E00558FFE /* Sources */ = {
			isa = PBXSourcesBuildPhase;
			buildActionMask = 2147483647;
			files = (
				B92703F223DA302E00558FFE /* JobQueue.swift in Sources */,
				B92703F523DA302E00558FFE /* JobStatus.swift in Sources */,
				B92703FC23DA302E00558FFE /* Dictionary+Extensions.swift in Sources */,
				B92703FB23DA302E00558FFE /* JobQueueProcessors.swift in Sources */,
				B92703F723DA302E00558FFE /* Sequence+Extensions.swift in Sources */,
				B92703F123DA302E00558FFE /* JobSchedule.swift in Sources */,
				B92703F023DA302E00558FFE /* JobStorage.swift in Sources */,
				B92703F623DA302E00558FFE /* Common.swift in Sources */,
				B92703F323DA302E00558FFE /* JobQueueSchedulers.swift in Sources */,
				B92703FD23DA302E00558FFE /* Date+Extensions.swift in Sources */,
				B92703F423DA302E00558FFE /* Logger.swift in Sources */,
				B92703FE23DA302E00558FFE /* JobSorter.swift in Sources */,
				B92703FA23DA302E00558FFE /* JobProcessor.swift in Sources */,
				B92703FF23DA302E00558FFE /* Job.swift in Sources */,
				B92703F923DA302E00558FFE /* JobQueueDelayStrategy.swift in Sources */,
				B92703EF23DA302E00558FFE /* JobCancellation.swift in Sources */,
				B92703F823DA302E00558FFE /* JobType.swift in Sources */,
			);
			runOnlyForDeploymentPostprocessing = 0;
		};
		B92703C323DA2E7E00558FFE /* Sources */ = {
			isa = PBXSourcesBuildPhase;
			buildActionMask = 2147483647;
			files = (
				B927042923DA33AA00558FFE /* DefaultJobSorter.swift in Sources */,
				B927042723DA33AA00558FFE /* DefaultJobProcessor.swift in Sources */,
				B927042423DA33AA00558FFE /* JobSchedule.swift in Sources */,
				B927042823DA33AA00558FFE /* JobQueueProcessors.swift in Sources */,
				B927042A23DA33AA00558FFE /* TestJob1.swift in Sources */,
				B927042C23DA33AA00558FFE /* Storage.swift in Sources */,
				B927042523DA33AA00558FFE /* JobQueue.swift in Sources */,
				B927042E23DA33AA00558FFE /* Job.swift in Sources */,
				B927042D23DA33AA00558FFE /* The.swift in Sources */,
				B927042B23DA33AA00558FFE /* TestJob2.swift in Sources */,
				B927042623DA33AA00558FFE /* JobStatus.swift in Sources */,
			);
			runOnlyForDeploymentPostprocessing = 0;
		};
		B927040823DA313200558FFE /* Sources */ = {
			isa = PBXSourcesBuildPhase;
			buildActionMask = 2147483647;
			files = (
				B927041423DA317900558FFE /* JobStorage.swift in Sources */,
			);
			runOnlyForDeploymentPostprocessing = 0;
		};
		B927043523DA386100558FFE /* Sources */ = {
			isa = PBXSourcesBuildPhase;
			buildActionMask = 2147483647;
			files = (
				B927044923DA38BD00558FFE /* JobQueueProcessors.swift in Sources */,
				B927044F23DA38BD00558FFE /* JobType.swift in Sources */,
				B927044E23DA38BD00558FFE /* JobStorage.swift in Sources */,
				B927044B23DA38BD00558FFE /* JobSchedule.swift in Sources */,
				B927044823DA38BD00558FFE /* JobQueueDelayStrategy.swift in Sources */,
				B927044623DA38BD00558FFE /* JobProcessor.swift in Sources */,
				B927044123DA38BD00558FFE /* Common.swift in Sources */,
				B927045023DA38BD00558FFE /* Logger.swift in Sources */,
				B927045123DA38BD00558FFE /* Sequence+Extensions.swift in Sources */,
				B927044223DA38BD00558FFE /* Date+Extensions.swift in Sources */,
				B927044A23DA38BD00558FFE /* JobQueueSchedulers.swift in Sources */,
				B927044323DA38BD00558FFE /* Dictionary+Extensions.swift in Sources */,
				B927044D23DA38BD00558FFE /* JobStatus.swift in Sources */,
				B927044C23DA38BD00558FFE /* JobSorter.swift in Sources */,
				B927044423DA38BD00558FFE /* Job.swift in Sources */,
				B927044723DA38BD00558FFE /* JobQueue.swift in Sources */,
				B927044523DA38BD00558FFE /* JobCancellation.swift in Sources */,
			);
			runOnlyForDeploymentPostprocessing = 0;
		};
		B927046223DA39E700558FFE /* Sources */ = {
			isa = PBXSourcesBuildPhase;
			buildActionMask = 2147483647;
			files = (
				B92704A923DA3BF900558FFE /* JobStorage.swift in Sources */,
			);
			runOnlyForDeploymentPostprocessing = 0;
		};
		B927046F23DA3AB000558FFE /* Sources */ = {
			isa = PBXSourcesBuildPhase;
			buildActionMask = 2147483647;
			files = (
				B927049223DA3AF000558FFE /* JobQueueProcessors.swift in Sources */,
				B927049823DA3AF000558FFE /* JobType.swift in Sources */,
				B927049723DA3AF000558FFE /* JobStorage.swift in Sources */,
				B927049423DA3AF000558FFE /* JobSchedule.swift in Sources */,
				B927049123DA3AF000558FFE /* JobQueueDelayStrategy.swift in Sources */,
				B927048F23DA3AF000558FFE /* JobProcessor.swift in Sources */,
				B927048A23DA3AF000558FFE /* Common.swift in Sources */,
				B927049923DA3AF000558FFE /* Logger.swift in Sources */,
				B927049A23DA3AF000558FFE /* Sequence+Extensions.swift in Sources */,
				B927048B23DA3AF000558FFE /* Date+Extensions.swift in Sources */,
				B927049323DA3AF000558FFE /* JobQueueSchedulers.swift in Sources */,
				B927048C23DA3AF000558FFE /* Dictionary+Extensions.swift in Sources */,
				B927049623DA3AF000558FFE /* JobStatus.swift in Sources */,
				B927049523DA3AF000558FFE /* JobSorter.swift in Sources */,
				B927048D23DA3AF000558FFE /* Job.swift in Sources */,
				B927049023DA3AF000558FFE /* JobQueue.swift in Sources */,
				B927048E23DA3AF000558FFE /* JobCancellation.swift in Sources */,
			);
			runOnlyForDeploymentPostprocessing = 0;
		};
		B927047723DA3AB000558FFE /* Sources */ = {
			isa = PBXSourcesBuildPhase;
			buildActionMask = 2147483647;
			files = (
				B92704B823DA3C8E00558FFE /* DefaultJobSorter.swift in Sources */,
				B92704B623DA3C8E00558FFE /* DefaultJobProcessor.swift in Sources */,
				B92704B323DA3C8E00558FFE /* JobSchedule.swift in Sources */,
				B92704B723DA3C8E00558FFE /* JobQueueProcessors.swift in Sources */,
				B92704B923DA3C9600558FFE /* TestJob1.swift in Sources */,
				B92704BB23DA3C9600558FFE /* Storage.swift in Sources */,
				B92704B423DA3C8E00558FFE /* JobQueue.swift in Sources */,
				B92704BD23DA3C9600558FFE /* Job.swift in Sources */,
				B92704BC23DA3C9600558FFE /* The.swift in Sources */,
				B92704BA23DA3C9600558FFE /* TestJob2.swift in Sources */,
				B92704B523DA3C8E00558FFE /* JobStatus.swift in Sources */,
			);
			runOnlyForDeploymentPostprocessing = 0;
		};
		B927049C23DA3B9C00558FFE /* Sources */ = {
			isa = PBXSourcesBuildPhase;
			buildActionMask = 2147483647;
			files = (
				B92704A823DA3BF900558FFE /* JobStorage.swift in Sources */,
			);
			runOnlyForDeploymentPostprocessing = 0;
		};
/* End PBXSourcesBuildPhase section */

/* Begin PBXTargetDependency section */
		B92703CA23DA2E7E00558FFE /* PBXTargetDependency */ = {
			isa = PBXTargetDependency;
			target = B92703BD23DA2E7E00558FFE /* JobQueue.iOS */;
			targetProxy = B92703C923DA2E7E00558FFE /* PBXContainerItemProxy */;
		};
		B927043223DA370A00558FFE /* PBXTargetDependency */ = {
			isa = PBXTargetDependency;
			target = B927040B23DA313200558FFE /* JobQueueInMemoryStorage.iOS */;
			targetProxy = B927043123DA370A00558FFE /* PBXContainerItemProxy */;
		};
		B927047E23DA3AB000558FFE /* PBXTargetDependency */ = {
			isa = PBXTargetDependency;
			target = B927047223DA3AB000558FFE /* JobQueue.macOS */;
			targetProxy = B927047D23DA3AB000558FFE /* PBXContainerItemProxy */;
		};
		B92704AB23DA3C0600558FFE /* PBXTargetDependency */ = {
			isa = PBXTargetDependency;
			target = B927043823DA386100558FFE /* JobQueue.watchOS */;
			targetProxy = B92704AA23DA3C0600558FFE /* PBXContainerItemProxy */;
		};
		B92704AE23DA3C1400558FFE /* PBXTargetDependency */ = {
			isa = PBXTargetDependency;
			target = B927047223DA3AB000558FFE /* JobQueue.macOS */;
			targetProxy = B92704AD23DA3C1400558FFE /* PBXContainerItemProxy */;
		};
		B92704B123DA3C6C00558FFE /* PBXTargetDependency */ = {
			isa = PBXTargetDependency;
			target = B927049F23DA3B9C00558FFE /* JobQueueInMemoryStorage.macOS */;
			targetProxy = B92704B023DA3C6C00558FFE /* PBXContainerItemProxy */;
		};
/* End PBXTargetDependency section */

/* Begin XCBuildConfiguration section */
		B92703D023DA2E7E00558FFE /* Debug */ = {
			isa = XCBuildConfiguration;
			buildSettings = {
				ALWAYS_SEARCH_USER_PATHS = NO;
				CLANG_ANALYZER_NONNULL = YES;
				CLANG_ANALYZER_NUMBER_OBJECT_CONVERSION = YES_AGGRESSIVE;
				CLANG_CXX_LANGUAGE_STANDARD = "gnu++14";
				CLANG_CXX_LIBRARY = "libc++";
				CLANG_ENABLE_MODULES = YES;
				CLANG_ENABLE_OBJC_ARC = YES;
				CLANG_ENABLE_OBJC_WEAK = YES;
				CLANG_WARN_BLOCK_CAPTURE_AUTORELEASING = YES;
				CLANG_WARN_BOOL_CONVERSION = YES;
				CLANG_WARN_COMMA = YES;
				CLANG_WARN_CONSTANT_CONVERSION = YES;
				CLANG_WARN_DEPRECATED_OBJC_IMPLEMENTATIONS = YES;
				CLANG_WARN_DIRECT_OBJC_ISA_USAGE = YES_ERROR;
				CLANG_WARN_DOCUMENTATION_COMMENTS = YES;
				CLANG_WARN_EMPTY_BODY = YES;
				CLANG_WARN_ENUM_CONVERSION = YES;
				CLANG_WARN_INFINITE_RECURSION = YES;
				CLANG_WARN_INT_CONVERSION = YES;
				CLANG_WARN_NON_LITERAL_NULL_CONVERSION = YES;
				CLANG_WARN_OBJC_IMPLICIT_RETAIN_SELF = YES;
				CLANG_WARN_OBJC_LITERAL_CONVERSION = YES;
				CLANG_WARN_OBJC_ROOT_CLASS = YES_ERROR;
				CLANG_WARN_RANGE_LOOP_ANALYSIS = YES;
				CLANG_WARN_STRICT_PROTOTYPES = YES;
				CLANG_WARN_SUSPICIOUS_MOVE = YES;
				CLANG_WARN_UNGUARDED_AVAILABILITY = YES_AGGRESSIVE;
				CLANG_WARN_UNREACHABLE_CODE = YES;
				CLANG_WARN__DUPLICATE_METHOD_MATCH = YES;
				COPY_PHASE_STRIP = NO;
				CURRENT_PROJECT_VERSION = 1;
				DEBUG_INFORMATION_FORMAT = dwarf;
				ENABLE_STRICT_OBJC_MSGSEND = YES;
				ENABLE_TESTABILITY = YES;
				GCC_C_LANGUAGE_STANDARD = gnu11;
				GCC_DYNAMIC_NO_PIC = NO;
				GCC_NO_COMMON_BLOCKS = YES;
				GCC_OPTIMIZATION_LEVEL = 0;
				GCC_PREPROCESSOR_DEFINITIONS = (
					"DEBUG=1",
					"$(inherited)",
				);
				GCC_WARN_64_TO_32_BIT_CONVERSION = YES;
				GCC_WARN_ABOUT_RETURN_TYPE = YES_ERROR;
				GCC_WARN_UNDECLARED_SELECTOR = YES;
				GCC_WARN_UNINITIALIZED_AUTOS = YES_AGGRESSIVE;
				GCC_WARN_UNUSED_FUNCTION = YES;
				GCC_WARN_UNUSED_VARIABLE = YES;
				IPHONEOS_DEPLOYMENT_TARGET = 13.2;
				MTL_ENABLE_DEBUG_INFO = INCLUDE_SOURCE;
				MTL_FAST_MATH = YES;
				ONLY_ACTIVE_ARCH = YES;
				SDKROOT = iphoneos;
				SWIFT_ACTIVE_COMPILATION_CONDITIONS = DEBUG;
				SWIFT_OPTIMIZATION_LEVEL = "-Onone";
				VERSIONING_SYSTEM = "apple-generic";
				VERSION_INFO_PREFIX = "";
			};
			name = Debug;
		};
		B92703D123DA2E7E00558FFE /* Release */ = {
			isa = XCBuildConfiguration;
			buildSettings = {
				ALWAYS_SEARCH_USER_PATHS = NO;
				CLANG_ANALYZER_NONNULL = YES;
				CLANG_ANALYZER_NUMBER_OBJECT_CONVERSION = YES_AGGRESSIVE;
				CLANG_CXX_LANGUAGE_STANDARD = "gnu++14";
				CLANG_CXX_LIBRARY = "libc++";
				CLANG_ENABLE_MODULES = YES;
				CLANG_ENABLE_OBJC_ARC = YES;
				CLANG_ENABLE_OBJC_WEAK = YES;
				CLANG_WARN_BLOCK_CAPTURE_AUTORELEASING = YES;
				CLANG_WARN_BOOL_CONVERSION = YES;
				CLANG_WARN_COMMA = YES;
				CLANG_WARN_CONSTANT_CONVERSION = YES;
				CLANG_WARN_DEPRECATED_OBJC_IMPLEMENTATIONS = YES;
				CLANG_WARN_DIRECT_OBJC_ISA_USAGE = YES_ERROR;
				CLANG_WARN_DOCUMENTATION_COMMENTS = YES;
				CLANG_WARN_EMPTY_BODY = YES;
				CLANG_WARN_ENUM_CONVERSION = YES;
				CLANG_WARN_INFINITE_RECURSION = YES;
				CLANG_WARN_INT_CONVERSION = YES;
				CLANG_WARN_NON_LITERAL_NULL_CONVERSION = YES;
				CLANG_WARN_OBJC_IMPLICIT_RETAIN_SELF = YES;
				CLANG_WARN_OBJC_LITERAL_CONVERSION = YES;
				CLANG_WARN_OBJC_ROOT_CLASS = YES_ERROR;
				CLANG_WARN_RANGE_LOOP_ANALYSIS = YES;
				CLANG_WARN_STRICT_PROTOTYPES = YES;
				CLANG_WARN_SUSPICIOUS_MOVE = YES;
				CLANG_WARN_UNGUARDED_AVAILABILITY = YES_AGGRESSIVE;
				CLANG_WARN_UNREACHABLE_CODE = YES;
				CLANG_WARN__DUPLICATE_METHOD_MATCH = YES;
				COPY_PHASE_STRIP = NO;
				CURRENT_PROJECT_VERSION = 1;
				DEBUG_INFORMATION_FORMAT = "dwarf-with-dsym";
				ENABLE_NS_ASSERTIONS = NO;
				ENABLE_STRICT_OBJC_MSGSEND = YES;
				GCC_C_LANGUAGE_STANDARD = gnu11;
				GCC_NO_COMMON_BLOCKS = YES;
				GCC_WARN_64_TO_32_BIT_CONVERSION = YES;
				GCC_WARN_ABOUT_RETURN_TYPE = YES_ERROR;
				GCC_WARN_UNDECLARED_SELECTOR = YES;
				GCC_WARN_UNINITIALIZED_AUTOS = YES_AGGRESSIVE;
				GCC_WARN_UNUSED_FUNCTION = YES;
				GCC_WARN_UNUSED_VARIABLE = YES;
				IPHONEOS_DEPLOYMENT_TARGET = 13.2;
				MTL_ENABLE_DEBUG_INFO = NO;
				MTL_FAST_MATH = YES;
				SDKROOT = iphoneos;
				SWIFT_COMPILATION_MODE = wholemodule;
				SWIFT_OPTIMIZATION_LEVEL = "-O";
				VALIDATE_PRODUCT = YES;
				VERSIONING_SYSTEM = "apple-generic";
				VERSION_INFO_PREFIX = "";
			};
			name = Release;
		};
		B92703D323DA2E7E00558FFE /* Debug */ = {
			isa = XCBuildConfiguration;
			baseConfigurationReference = BA5ADCCB95BDE8FE49BA114C /* Pods-All-Frameworks-JobQueue.iOS.debug.xcconfig */;
			buildSettings = {
				CODE_SIGN_STYLE = Automatic;
				DEFINES_MODULE = YES;
				DEVELOPMENT_TEAM = 8Y2R2YMCQT;
				DYLIB_COMPATIBILITY_VERSION = 1;
				DYLIB_CURRENT_VERSION = 1;
				DYLIB_INSTALL_NAME_BASE = "@rpath";
				INFOPLIST_FILE = "$(SRCROOT)/Support Files/Info.plist";
				INSTALL_PATH = "$(LOCAL_LIBRARY_DIR)/Frameworks";
				LD_RUNPATH_SEARCH_PATHS = (
					"$(inherited)",
					"@executable_path/Frameworks",
					"@loader_path/Frameworks",
				);
				PRODUCT_BUNDLE_IDENTIFIER = com.tundaware.jobqueue;
				PRODUCT_NAME = JobQueue;
				SKIP_INSTALL = YES;
				SWIFT_VERSION = 5.0;
				TARGETED_DEVICE_FAMILY = "1,2";
			};
			name = Debug;
		};
		B92703D423DA2E7E00558FFE /* Release */ = {
			isa = XCBuildConfiguration;
			baseConfigurationReference = CFB36BB3C708803309D46BC4 /* Pods-All-Frameworks-JobQueue.iOS.release.xcconfig */;
			buildSettings = {
				CODE_SIGN_STYLE = Automatic;
				DEFINES_MODULE = YES;
				DEVELOPMENT_TEAM = 8Y2R2YMCQT;
				DYLIB_COMPATIBILITY_VERSION = 1;
				DYLIB_CURRENT_VERSION = 1;
				DYLIB_INSTALL_NAME_BASE = "@rpath";
				INFOPLIST_FILE = "$(SRCROOT)/Support Files/Info.plist";
				INSTALL_PATH = "$(LOCAL_LIBRARY_DIR)/Frameworks";
				LD_RUNPATH_SEARCH_PATHS = (
					"$(inherited)",
					"@executable_path/Frameworks",
					"@loader_path/Frameworks",
				);
				PRODUCT_BUNDLE_IDENTIFIER = com.tundaware.jobqueue;
				PRODUCT_NAME = JobQueue;
				SKIP_INSTALL = YES;
				SWIFT_VERSION = 5.0;
				TARGETED_DEVICE_FAMILY = "1,2";
			};
			name = Release;
		};
		B92703D623DA2E7E00558FFE /* Debug */ = {
			isa = XCBuildConfiguration;
			baseConfigurationReference = 891AAE188865ED5D61678013 /* Pods-All-Tests-JobQueue.tests.iOS.debug.xcconfig */;
			buildSettings = {
				CODE_SIGN_STYLE = Automatic;
				DEVELOPMENT_TEAM = 8Y2R2YMCQT;
				INFOPLIST_FILE = "$(SRCROOT)/Support Files/Info.tests.plist";
				LD_RUNPATH_SEARCH_PATHS = (
					"$(inherited)",
					"@executable_path/Frameworks",
					"@loader_path/Frameworks",
				);
				PRODUCT_BUNDLE_IDENTIFIER = com.tundaware.jobqueue.tests;
				PRODUCT_NAME = JobQueueTests;
				SWIFT_VERSION = 5.0;
				TARGETED_DEVICE_FAMILY = "1,2";
			};
			name = Debug;
		};
		B92703D723DA2E7E00558FFE /* Release */ = {
			isa = XCBuildConfiguration;
			baseConfigurationReference = 3B43E4583A46CD72293BB48C /* Pods-All-Tests-JobQueue.tests.iOS.release.xcconfig */;
			buildSettings = {
				CODE_SIGN_STYLE = Automatic;
				DEVELOPMENT_TEAM = 8Y2R2YMCQT;
				INFOPLIST_FILE = "$(SRCROOT)/Support Files/Info.tests.plist";
				LD_RUNPATH_SEARCH_PATHS = (
					"$(inherited)",
					"@executable_path/Frameworks",
					"@loader_path/Frameworks",
				);
				PRODUCT_BUNDLE_IDENTIFIER = com.tundaware.jobqueue.tests;
				PRODUCT_NAME = JobQueueTests;
				SWIFT_VERSION = 5.0;
				TARGETED_DEVICE_FAMILY = "1,2";
			};
			name = Release;
		};
		B927041223DA313200558FFE /* Debug */ = {
			isa = XCBuildConfiguration;
			baseConfigurationReference = F77D887CFA5B486F86174BF1 /* Pods-All-Frameworks-JobQueueInMemoryStorage.iOS.debug.xcconfig */;
			buildSettings = {
				CODE_SIGN_STYLE = Automatic;
				DEFINES_MODULE = YES;
				DEVELOPMENT_TEAM = 8Y2R2YMCQT;
				DYLIB_COMPATIBILITY_VERSION = 1;
				DYLIB_CURRENT_VERSION = 1;
				DYLIB_INSTALL_NAME_BASE = "@rpath";
				INFOPLIST_FILE = "$(SRCROOT)/Support Files/Info.plist";
				INSTALL_PATH = "$(LOCAL_LIBRARY_DIR)/Frameworks";
				LD_RUNPATH_SEARCH_PATHS = (
					"$(inherited)",
					"@executable_path/Frameworks",
					"@loader_path/Frameworks",
				);
				PRODUCT_BUNDLE_IDENTIFIER = com.tundaware.jobqueue.storage.inmemory;
				PRODUCT_NAME = JobQueueInMemoryStorage;
				SKIP_INSTALL = YES;
				SWIFT_VERSION = 5.0;
				TARGETED_DEVICE_FAMILY = "1,2";
			};
			name = Debug;
		};
		B927041323DA313200558FFE /* Release */ = {
			isa = XCBuildConfiguration;
			baseConfigurationReference = 86BD5FB6DB08E70720F5AE44 /* Pods-All-Frameworks-JobQueueInMemoryStorage.iOS.release.xcconfig */;
			buildSettings = {
				CODE_SIGN_STYLE = Automatic;
				DEFINES_MODULE = YES;
				DEVELOPMENT_TEAM = 8Y2R2YMCQT;
				DYLIB_COMPATIBILITY_VERSION = 1;
				DYLIB_CURRENT_VERSION = 1;
				DYLIB_INSTALL_NAME_BASE = "@rpath";
				INFOPLIST_FILE = "$(SRCROOT)/Support Files/Info.plist";
				INSTALL_PATH = "$(LOCAL_LIBRARY_DIR)/Frameworks";
				LD_RUNPATH_SEARCH_PATHS = (
					"$(inherited)",
					"@executable_path/Frameworks",
					"@loader_path/Frameworks",
				);
				PRODUCT_BUNDLE_IDENTIFIER = com.tundaware.jobqueue.storage.inmemory;
				PRODUCT_NAME = JobQueueInMemoryStorage;
				SKIP_INSTALL = YES;
				SWIFT_VERSION = 5.0;
				TARGETED_DEVICE_FAMILY = "1,2";
			};
			name = Release;
		};
		B927043F23DA386100558FFE /* Debug */ = {
			isa = XCBuildConfiguration;
			baseConfigurationReference = 04A5A3BFD5CB23E919FF3D57 /* Pods-All-Frameworks-JobQueue.watchOS.debug.xcconfig */;
			buildSettings = {
				APPLICATION_EXTENSION_API_ONLY = YES;
				CODE_SIGN_STYLE = Automatic;
				DEFINES_MODULE = YES;
				DEVELOPMENT_TEAM = 8Y2R2YMCQT;
				DYLIB_COMPATIBILITY_VERSION = 1;
				DYLIB_CURRENT_VERSION = 1;
				DYLIB_INSTALL_NAME_BASE = "@rpath";
				INFOPLIST_FILE = "$(SRCROOT)/Support Files/Info.plist";
				INSTALL_PATH = "$(LOCAL_LIBRARY_DIR)/Frameworks";
				LD_RUNPATH_SEARCH_PATHS = (
					"$(inherited)",
					"@executable_path/Frameworks",
					"@loader_path/Frameworks",
				);
				PRODUCT_BUNDLE_IDENTIFIER = com.tundaware.jobqueue;
				PRODUCT_NAME = JobQueue;
				SDKROOT = watchos;
				SKIP_INSTALL = YES;
				SWIFT_VERSION = 5.0;
				TARGETED_DEVICE_FAMILY = 4;
				WATCHOS_DEPLOYMENT_TARGET = 6.1;
			};
			name = Debug;
		};
		B927044023DA386100558FFE /* Release */ = {
			isa = XCBuildConfiguration;
			baseConfigurationReference = E12ED475485CF3879619E7B5 /* Pods-All-Frameworks-JobQueue.watchOS.release.xcconfig */;
			buildSettings = {
				APPLICATION_EXTENSION_API_ONLY = YES;
				CODE_SIGN_STYLE = Automatic;
				DEFINES_MODULE = YES;
				DEVELOPMENT_TEAM = 8Y2R2YMCQT;
				DYLIB_COMPATIBILITY_VERSION = 1;
				DYLIB_CURRENT_VERSION = 1;
				DYLIB_INSTALL_NAME_BASE = "@rpath";
				INFOPLIST_FILE = "$(SRCROOT)/Support Files/Info.plist";
				INSTALL_PATH = "$(LOCAL_LIBRARY_DIR)/Frameworks";
				LD_RUNPATH_SEARCH_PATHS = (
					"$(inherited)",
					"@executable_path/Frameworks",
					"@loader_path/Frameworks",
				);
				PRODUCT_BUNDLE_IDENTIFIER = com.tundaware.jobqueue;
				PRODUCT_NAME = JobQueue;
				SDKROOT = watchos;
				SKIP_INSTALL = YES;
				SWIFT_VERSION = 5.0;
				TARGETED_DEVICE_FAMILY = 4;
				WATCHOS_DEPLOYMENT_TARGET = 6.1;
			};
			name = Release;
		};
		B927046C23DA39E700558FFE /* Debug */ = {
			isa = XCBuildConfiguration;
			baseConfigurationReference = B8682289ED45D23545CF130A /* Pods-All-Frameworks-JobQueueInMemoryStorage.watchOS.debug.xcconfig */;
			buildSettings = {
				APPLICATION_EXTENSION_API_ONLY = YES;
				CODE_SIGN_STYLE = Automatic;
				DEFINES_MODULE = YES;
				DEVELOPMENT_TEAM = 8Y2R2YMCQT;
				DYLIB_COMPATIBILITY_VERSION = 1;
				DYLIB_CURRENT_VERSION = 1;
				DYLIB_INSTALL_NAME_BASE = "@rpath";
				INFOPLIST_FILE = "$(SRCROOT)/Support Files/Info.plist";
				INSTALL_PATH = "$(LOCAL_LIBRARY_DIR)/Frameworks";
				LD_RUNPATH_SEARCH_PATHS = (
					"$(inherited)",
					"@executable_path/Frameworks",
					"@loader_path/Frameworks",
				);
				PRODUCT_BUNDLE_IDENTIFIER = com.tundaware.jobqueue.storage.inmemory;
				PRODUCT_NAME = JobQueueInMemoryStorage;
				SDKROOT = watchos;
				SKIP_INSTALL = YES;
				SWIFT_VERSION = 5.0;
				TARGETED_DEVICE_FAMILY = 4;
				WATCHOS_DEPLOYMENT_TARGET = 6.1;
			};
			name = Debug;
		};
		B927046D23DA39E700558FFE /* Release */ = {
			isa = XCBuildConfiguration;
			baseConfigurationReference = C4F94EAEBFB5D1AD1A14B1E8 /* Pods-All-Frameworks-JobQueueInMemoryStorage.watchOS.release.xcconfig */;
			buildSettings = {
				APPLICATION_EXTENSION_API_ONLY = YES;
				CODE_SIGN_STYLE = Automatic;
				DEFINES_MODULE = YES;
				DEVELOPMENT_TEAM = 8Y2R2YMCQT;
				DYLIB_COMPATIBILITY_VERSION = 1;
				DYLIB_CURRENT_VERSION = 1;
				DYLIB_INSTALL_NAME_BASE = "@rpath";
				INFOPLIST_FILE = "$(SRCROOT)/Support Files/Info.plist";
				INSTALL_PATH = "$(LOCAL_LIBRARY_DIR)/Frameworks";
				LD_RUNPATH_SEARCH_PATHS = (
					"$(inherited)",
					"@executable_path/Frameworks",
					"@loader_path/Frameworks",
				);
				PRODUCT_BUNDLE_IDENTIFIER = com.tundaware.jobqueue.storage.inmemory;
				PRODUCT_NAME = JobQueueInMemoryStorage;
				SDKROOT = watchos;
				SKIP_INSTALL = YES;
				SWIFT_VERSION = 5.0;
				TARGETED_DEVICE_FAMILY = 4;
				WATCHOS_DEPLOYMENT_TARGET = 6.1;
			};
			name = Release;
		};
		B927048423DA3AB000558FFE /* Debug */ = {
			isa = XCBuildConfiguration;
			baseConfigurationReference = BC2ECAF0E99561B95422F35B /* Pods-All-Frameworks-JobQueue.macOS.debug.xcconfig */;
			buildSettings = {
				CODE_SIGN_STYLE = Automatic;
				COMBINE_HIDPI_IMAGES = YES;
				DEFINES_MODULE = YES;
				DEVELOPMENT_TEAM = 8Y2R2YMCQT;
				DYLIB_COMPATIBILITY_VERSION = 1;
				DYLIB_CURRENT_VERSION = 1;
				DYLIB_INSTALL_NAME_BASE = "@rpath";
				INFOPLIST_FILE = "$(SRCROOT)/Support Files/Info.plist";
				INSTALL_PATH = "$(LOCAL_LIBRARY_DIR)/Frameworks";
				LD_RUNPATH_SEARCH_PATHS = (
					"$(inherited)",
					"@executable_path/../Frameworks",
					"@loader_path/Frameworks",
				);
				MACOSX_DEPLOYMENT_TARGET = 10.15;
				PRODUCT_BUNDLE_IDENTIFIER = com.tundaware.jobqueue;
				PRODUCT_NAME = JobQueue;
				SDKROOT = macosx;
				SKIP_INSTALL = YES;
				SWIFT_VERSION = 5.0;
			};
			name = Debug;
		};
		B927048523DA3AB000558FFE /* Release */ = {
			isa = XCBuildConfiguration;
			baseConfigurationReference = EA98D545F4DC5F7286118228 /* Pods-All-Frameworks-JobQueue.macOS.release.xcconfig */;
			buildSettings = {
				CODE_SIGN_STYLE = Automatic;
				COMBINE_HIDPI_IMAGES = YES;
				DEFINES_MODULE = YES;
				DEVELOPMENT_TEAM = 8Y2R2YMCQT;
				DYLIB_COMPATIBILITY_VERSION = 1;
				DYLIB_CURRENT_VERSION = 1;
				DYLIB_INSTALL_NAME_BASE = "@rpath";
				INFOPLIST_FILE = "$(SRCROOT)/Support Files/Info.plist";
				INSTALL_PATH = "$(LOCAL_LIBRARY_DIR)/Frameworks";
				LD_RUNPATH_SEARCH_PATHS = (
					"$(inherited)",
					"@executable_path/../Frameworks",
					"@loader_path/Frameworks",
				);
				MACOSX_DEPLOYMENT_TARGET = 10.15;
				PRODUCT_BUNDLE_IDENTIFIER = com.tundaware.jobqueue;
				PRODUCT_NAME = JobQueue;
				SDKROOT = macosx;
				SKIP_INSTALL = YES;
				SWIFT_VERSION = 5.0;
			};
			name = Release;
		};
		B927048623DA3AB000558FFE /* Debug */ = {
			isa = XCBuildConfiguration;
			baseConfigurationReference = A7DCF46540C79257BB06092D /* Pods-All-Tests-JobQueue.tests.macOS.debug.xcconfig */;
			buildSettings = {
				CODE_SIGN_STYLE = Automatic;
				COMBINE_HIDPI_IMAGES = YES;
				DEVELOPMENT_TEAM = 8Y2R2YMCQT;
				INFOPLIST_FILE = "$(SRCROOT)/Support Files/Info.plist";
				LD_RUNPATH_SEARCH_PATHS = (
					"$(inherited)",
					"@executable_path/../Frameworks",
					"@loader_path/../Frameworks",
				);
				MACOSX_DEPLOYMENT_TARGET = 10.15;
				PRODUCT_BUNDLE_IDENTIFIER = com.tundaware.jobqueue.tests;
				PRODUCT_NAME = "$(TARGET_NAME)";
				SDKROOT = macosx;
				SWIFT_VERSION = 5.0;
			};
			name = Debug;
		};
		B927048723DA3AB000558FFE /* Release */ = {
			isa = XCBuildConfiguration;
			baseConfigurationReference = 514EE50F2B7B3389836FAC94 /* Pods-All-Tests-JobQueue.tests.macOS.release.xcconfig */;
			buildSettings = {
				CODE_SIGN_STYLE = Automatic;
				COMBINE_HIDPI_IMAGES = YES;
				DEVELOPMENT_TEAM = 8Y2R2YMCQT;
				INFOPLIST_FILE = "$(SRCROOT)/Support Files/Info.plist";
				LD_RUNPATH_SEARCH_PATHS = (
					"$(inherited)",
					"@executable_path/../Frameworks",
					"@loader_path/../Frameworks",
				);
				MACOSX_DEPLOYMENT_TARGET = 10.15;
				PRODUCT_BUNDLE_IDENTIFIER = com.tundaware.jobqueue.tests;
				PRODUCT_NAME = "$(TARGET_NAME)";
				SDKROOT = macosx;
				SWIFT_VERSION = 5.0;
			};
			name = Release;
		};
		B92704A523DA3B9C00558FFE /* Debug */ = {
			isa = XCBuildConfiguration;
			baseConfigurationReference = FF069178B5478FD78B30927A /* Pods-All-Frameworks-JobQueueInMemoryStorage.macOS.debug.xcconfig */;
			buildSettings = {
				CODE_SIGN_STYLE = Automatic;
				COMBINE_HIDPI_IMAGES = YES;
				DEFINES_MODULE = YES;
				DEVELOPMENT_TEAM = 8Y2R2YMCQT;
				DYLIB_COMPATIBILITY_VERSION = 1;
				DYLIB_CURRENT_VERSION = 1;
				DYLIB_INSTALL_NAME_BASE = "@rpath";
				INFOPLIST_FILE = "$(SRCROOT)/Support Files/Info.plist";
				INSTALL_PATH = "$(LOCAL_LIBRARY_DIR)/Frameworks";
				LD_RUNPATH_SEARCH_PATHS = (
					"$(inherited)",
					"@executable_path/../Frameworks",
					"@loader_path/Frameworks",
				);
				MACOSX_DEPLOYMENT_TARGET = 10.15;
				PRODUCT_BUNDLE_IDENTIFIER = com.tundaware.jobqueue.storage.inmemory;
				PRODUCT_NAME = JobQueueInMemoryStorage;
				SDKROOT = macosx;
				SKIP_INSTALL = YES;
				SWIFT_VERSION = 5.0;
			};
			name = Debug;
		};
		B92704A623DA3B9C00558FFE /* Release */ = {
			isa = XCBuildConfiguration;
			baseConfigurationReference = 915CA15A6AECCB71ECC6AF7F /* Pods-All-Frameworks-JobQueueInMemoryStorage.macOS.release.xcconfig */;
			buildSettings = {
				CODE_SIGN_STYLE = Automatic;
				COMBINE_HIDPI_IMAGES = YES;
				DEFINES_MODULE = YES;
				DEVELOPMENT_TEAM = 8Y2R2YMCQT;
				DYLIB_COMPATIBILITY_VERSION = 1;
				DYLIB_CURRENT_VERSION = 1;
				DYLIB_INSTALL_NAME_BASE = "@rpath";
				INFOPLIST_FILE = "$(SRCROOT)/Support Files/Info.plist";
				INSTALL_PATH = "$(LOCAL_LIBRARY_DIR)/Frameworks";
				LD_RUNPATH_SEARCH_PATHS = (
					"$(inherited)",
					"@executable_path/../Frameworks",
					"@loader_path/Frameworks",
				);
				MACOSX_DEPLOYMENT_TARGET = 10.15;
				PRODUCT_BUNDLE_IDENTIFIER = com.tundaware.jobqueue.storage.inmemory;
				PRODUCT_NAME = JobQueueInMemoryStorage;
				SDKROOT = macosx;
				SKIP_INSTALL = YES;
				SWIFT_VERSION = 5.0;
			};
			name = Release;
		};
/* End XCBuildConfiguration section */

/* Begin XCConfigurationList section */
		B92703B823DA2E7D00558FFE /* Build configuration list for PBXProject "JobQueue" */ = {
			isa = XCConfigurationList;
			buildConfigurations = (
				B92703D023DA2E7E00558FFE /* Debug */,
				B92703D123DA2E7E00558FFE /* Release */,
			);
			defaultConfigurationIsVisible = 0;
			defaultConfigurationName = Release;
		};
		B92703D223DA2E7E00558FFE /* Build configuration list for PBXNativeTarget "JobQueue.iOS" */ = {
			isa = XCConfigurationList;
			buildConfigurations = (
				B92703D323DA2E7E00558FFE /* Debug */,
				B92703D423DA2E7E00558FFE /* Release */,
			);
			defaultConfigurationIsVisible = 0;
			defaultConfigurationName = Release;
		};
		B92703D523DA2E7E00558FFE /* Build configuration list for PBXNativeTarget "JobQueue.tests.iOS" */ = {
			isa = XCConfigurationList;
			buildConfigurations = (
				B92703D623DA2E7E00558FFE /* Debug */,
				B92703D723DA2E7E00558FFE /* Release */,
			);
			defaultConfigurationIsVisible = 0;
			defaultConfigurationName = Release;
		};
		B927041123DA313200558FFE /* Build configuration list for PBXNativeTarget "JobQueueInMemoryStorage.iOS" */ = {
			isa = XCConfigurationList;
			buildConfigurations = (
				B927041223DA313200558FFE /* Debug */,
				B927041323DA313200558FFE /* Release */,
			);
			defaultConfigurationIsVisible = 0;
			defaultConfigurationName = Release;
		};
		B927043E23DA386100558FFE /* Build configuration list for PBXNativeTarget "JobQueue.watchOS" */ = {
			isa = XCConfigurationList;
			buildConfigurations = (
				B927043F23DA386100558FFE /* Debug */,
				B927044023DA386100558FFE /* Release */,
			);
			defaultConfigurationIsVisible = 0;
			defaultConfigurationName = Release;
		};
		B927046B23DA39E700558FFE /* Build configuration list for PBXNativeTarget "JobQueueInMemoryStorage.watchOS" */ = {
			isa = XCConfigurationList;
			buildConfigurations = (
				B927046C23DA39E700558FFE /* Debug */,
				B927046D23DA39E700558FFE /* Release */,
			);
			defaultConfigurationIsVisible = 0;
			defaultConfigurationName = Release;
		};
		B927048823DA3AB000558FFE /* Build configuration list for PBXNativeTarget "JobQueue.macOS" */ = {
			isa = XCConfigurationList;
			buildConfigurations = (
				B927048423DA3AB000558FFE /* Debug */,
				B927048523DA3AB000558FFE /* Release */,
			);
			defaultConfigurationIsVisible = 0;
			defaultConfigurationName = Release;
		};
		B927048923DA3AB000558FFE /* Build configuration list for PBXNativeTarget "JobQueue.tests.macOS" */ = {
			isa = XCConfigurationList;
			buildConfigurations = (
				B927048623DA3AB000558FFE /* Debug */,
				B927048723DA3AB000558FFE /* Release */,
			);
			defaultConfigurationIsVisible = 0;
			defaultConfigurationName = Release;
		};
		B92704A723DA3B9C00558FFE /* Build configuration list for PBXNativeTarget "JobQueueInMemoryStorage.macOS" */ = {
			isa = XCConfigurationList;
			buildConfigurations = (
				B92704A523DA3B9C00558FFE /* Debug */,
				B92704A623DA3B9C00558FFE /* Release */,
			);
			defaultConfigurationIsVisible = 0;
			defaultConfigurationName = Release;
		};
/* End XCConfigurationList section */
	};
	rootObject = B92703B523DA2E7D00558FFE /* Project object */;
}
