PODS:
  - Nimble (8.0.5)
  - Quick (2.2.0)
  - ReactiveSwift (6.1.0)

DEPENDENCIES:
  - Nimble
  - Quick
  - ReactiveSwift

SPEC REPOS:
  trunk:
    - Nimble
    - Quick
    - ReactiveSwift

SPEC CHECKSUMS:
  Nimble: 4ab1aeb9b45553c75b9687196b0fa0713170a332
  Quick: 7fb19e13be07b5dfb3b90d4f9824c855a11af40e
  ReactiveSwift: b78c7259f8ca46368238c895ae33a6a3bf9f811c

PODFILE CHECKSUM: 6791e4cc23ec9d99f23aad30a615ce20c24ae468

COCOAPODS: 1.8.4
