PODS:
  - JobQueue/Core (0.0.16):
    - ReactiveSwift (~> 6.2.0)
  - JobQueue/Queue (0.0.16):
    - JobQueue/Core
    - ReactiveSwift (~> 6.2.0)
  - JobQueue/Storage/InMemory (0.0.16):
    - JobQueue/Core
    - ReactiveSwift (~> 6.2.0)
  - ReactiveSwift (6.2.0)

DEPENDENCIES:
  - JobQueue/Queue (from `../`)
  - JobQueue/Storage/InMemory (from `../`)
  - ReactiveSwift

SPEC REPOS:
  trunk:
    - ReactiveSwift

EXTERNAL SOURCES:
  JobQueue:
    :path: "../"

SPEC CHECKSUMS:
  JobQueue: 3f35d0a623f32904883f651e27063bd12fb0f51b
  ReactiveSwift: 3dc8800378110b13d40b46ab362afa9f6bcffc6c

PODFILE CHECKSUM: f4bf47569b3cc2a677bad023ee5bd20a164116e4

COCOAPODS: 1.8.4
