PODS:
  - JobQueue/Core (0.0.23):
    - ReactiveSwift (~> 6.2.0)
  - JobQueue/Queue (0.0.23):
    - JobQueue/Core
    - ReactiveSwift (~> 6.2.0)
  - JobQueue/Storage/CoreData (0.0.23):
    - JobQueue/Core
    - ReactiveSwift (~> 6.2.0)
  - JobQueue/Storage/InMemory (0.0.23):
    - JobQueue/Core
    - ReactiveSwift (~> 6.2.0)
  - NanoID (1.0.1)
  - ReactiveSwift (6.2.0)

DEPENDENCIES:
  - JobQueue/Queue (from `../`)
  - JobQueue/Storage/CoreData (from `../`)
  - JobQueue/Storage/InMemory (from `../`)
  - NanoID
  - ReactiveSwift

SPEC REPOS:
  trunk:
    - NanoID
    - ReactiveSwift

EXTERNAL SOURCES:
  JobQueue:
    :path: "../"

SPEC CHECKSUMS:
  JobQueue: 5d8b0376a0978204714609c3ca870b5364641f5f
  NanoID: fe7ede6a2e918252ec9a779adeb065a2b2522f49
  ReactiveSwift: 3dc8800378110b13d40b46ab362afa9f6bcffc6c

PODFILE CHECKSUM: 0393c1d919d4a555a7f21175f22e6f5c3ac8c596

COCOAPODS: 1.8.4
